Microsoft Visual Studio Solution File, Format Version 12.00
# Visual Studio Version 16
VisualStudioVersion = 16.0.29806.167
MinimumVisualStudioVersion = 10.0.40219.1
Project("{FAE04EC0-301F-11D3-BF4B-00C04F79EFBC}") = "BlazorApp.Mac", "sample\BlazorApp.Mac\BlazorApp.Mac.csproj", "{24B7B3C4-958A-4559-BF5E-3E7FE6604EC9}"
EndProject
Project("{9A19103F-16F7-4668-BE54-9A1E7A4F7556}") = "BlazorApp", "sample\BlazorApp\BlazorApp.csproj", "{196C67E9-3E9E-4D57-B977-11BF00073FC9}"
EndProject
Project("{9A19103F-16F7-4668-BE54-9A1E7A4F7556}") = "BlazorWebView", "src\BlazorWebView\BlazorWebView.csproj", "{581141F6-5522-4B66-8404-4C376F42FB5C}"
EndProject
Project("{9A19103F-16F7-4668-BE54-9A1E7A4F7556}") = "BlazorWebView.Mac", "src\BlazorWebView.Mac\BlazorWebView.Mac.csproj", "{BA247A5F-A935-47F7-BEFF-3619512B64F4}"
EndProject
Project("{9A19103F-16F7-4668-BE54-9A1E7A4F7556}") = "BlazorWebView.iOS", "src\BlazorWebView.iOS\BlazorWebView.iOS.csproj", "{C4E356A9-C221-47E1-B566-458D9C6ACB18}"
EndProject
Project("{FAE04EC0-301F-11D3-BF4B-00C04F79EFBC}") = "BlazorApp.iOS", "sample\BlazorApp.iOS\BlazorApp.iOS.csproj", "{B2890F22-29C4-410B-9F39-40BEC6818E33}"
EndProject
Project("{2150E333-8FDC-42A3-9474-1A3956D46DE8}") = "src", "src", "{E6BEDD0C-8DC3-41F4-8FE9-B5E424D26363}"
EndProject
Project("{2150E333-8FDC-42A3-9474-1A3956D46DE8}") = "sample", "sample", "{88F15A63-FDCE-45CB-B838-09A84FD69CF8}"
EndProject
Project("{2150E333-8FDC-42A3-9474-1A3956D46DE8}") = "native", "native", "{687E10B9-7758-4E8C-B6A3-9000C5502C29}"
EndProject
Project("{2150E333-8FDC-42A3-9474-1A3956D46DE8}") = "docs", "docs", "{D862B5CA-88D4-486A-9863-692BB4AD2DCE}"
	ProjectSection(SolutionItems) = preProject
		docs\docfx.json = docs\docfx.json
		docs\index.md = docs\index.md
		LICENSE = LICENSE
		README.md = README.md
		docs\toc.yml = docs\toc.yml
	EndProjectSection
EndProject
Project("{9A19103F-16F7-4668-BE54-9A1E7A4F7556}") = "BlazorWebView.Wpf", "src\BlazorWebView.Wpf\BlazorWebView.Wpf.csproj", "{5FA920C7-EA7E-4FDA-860B-81BD19613DB6}"
EndProject
Project("{9A19103F-16F7-4668-BE54-9A1E7A4F7556}") = "BlazorWebView.Android", "src\BlazorWebView.Android\BlazorWebView.Android.csproj", "{7059EDC1-60B1-4EF6-87A2-CEF95B967DBB}"
EndProject
Project("{9A19103F-16F7-4668-BE54-9A1E7A4F7556}") = "BlazorApp.Wpf", "sample\BlazorApp.Wpf\BlazorApp.Wpf.csproj", "{D53EC302-8E28-4D61-9C6C-B01772F863E3}"
EndProject
Project("{FAE04EC0-301F-11D3-BF4B-00C04F79EFBC}") = "BlazorApp.Android", "sample\BlazorApp.Android\BlazorApp.Android.csproj", "{6870BD0A-8ECA-4989-B5CA-239A7FB4BF24}"
EndProject
Project("{9A19103F-16F7-4668-BE54-9A1E7A4F7556}") = "BlazorWebView.JS", "src\BlazorWebView.JS\BlazorWebView.JS.csproj", "{C4ABA435-5BB7-423A-94FC-167543AC0AF2}"
EndProject
Project("{2150E333-8FDC-42A3-9474-1A3956D46DE8}") = "build32", "build32", "{6DD65220-A881-481A-A787-04C7C2C608FD}"
EndProject
Project("{2150E333-8FDC-42A3-9474-1A3956D46DE8}") = "build64", "build64", "{300D886C-F5B9-4E7B-8618-FA31E73F5447}"
EndProject
Project("{8BC9CEB8-8B4A-11D0-8D11-00A0C91BC942}") = "ALL_BUILD", "src\BlazorWebView.Native\build32\ALL_BUILD.vcxproj", "{83E317E7-896B-3572-BC62-B87413B6E7B9}"
EndProject
Project("{8BC9CEB8-8B4A-11D0-8D11-00A0C91BC942}") = "BlazorWebViewNative", "src\BlazorWebView.Native\build32\BlazorWebViewNative.vcxproj", "{5F74A6FE-2F15-30FF-A3EC-57929CB2FCF8}"
EndProject
Project("{8BC9CEB8-8B4A-11D0-8D11-00A0C91BC942}") = "ZERO_CHECK", "src\BlazorWebView.Native\build32\ZERO_CHECK.vcxproj", "{0E5E8DB4-C245-3FA4-A3B8-D9B33AA5AC78}"
EndProject
Project("{8BC9CEB8-8B4A-11D0-8D11-00A0C91BC942}") = "ALL_BUILD", "src\BlazorWebView.Native\build64\ALL_BUILD.vcxproj", "{F8685C60-965D-379C-8175-2A10FF53E8C4}"
EndProject
Project("{8BC9CEB8-8B4A-11D0-8D11-00A0C91BC942}") = "BlazorWebViewNative", "src\BlazorWebView.Native\build64\BlazorWebViewNative.vcxproj", "{FEFB71C7-E8AC-3259-9731-474D3E74F874}"
EndProject
Project("{8BC9CEB8-8B4A-11D0-8D11-00A0C91BC942}") = "ZERO_CHECK", "src\BlazorWebView.Native\build64\ZERO_CHECK.vcxproj", "{F30E9FF2-F3B4-3189-9C93-D186E7E38674}"
EndProject
Project("{2150E333-8FDC-42A3-9474-1A3956D46DE8}") = "build", "build", "{A1070D27-26E5-49D2-A71A-E5ED03F9AF75}"
	ProjectSection(SolutionItems) = preProject
		build.props = build.props
		build\docfx.cmd = build\docfx.cmd
		build\native.cmd = build\native.cmd
	EndProjectSection
EndProject
Project("{2150E333-8FDC-42A3-9474-1A3956D46DE8}") = "pages", "pages", "{38F7D1E9-A604-4CC1-96B9-73E76E4EAA6D}"
	ProjectSection(SolutionItems) = preProject
		docs\pages\index.md = docs\pages\index.md
		docs\pages\toc.yml = docs\pages\toc.yml
	EndProjectSection
EndProject
Project("{2150E333-8FDC-42A3-9474-1A3956D46DE8}") = ".github", ".github", "{33388780-DC1F-4126-96FA-8DDA89481E21}"
EndProject
Project("{2150E333-8FDC-42A3-9474-1A3956D46DE8}") = "workflows", "workflows", "{6C568249-8365-4CA4-B207-914F53457471}"
	ProjectSection(SolutionItems) = preProject
		.github\workflows\corewindows.yml = .github\workflows\corewindows.yml
		.github\workflows\docfx.yml = .github\workflows\docfx.yml
	EndProjectSection
EndProject
Global
	GlobalSection(SolutionConfigurationPlatforms) = preSolution
		Debug|Any CPU = Debug|Any CPU
		Debug|iPhone = Debug|iPhone
		Debug|iPhoneSimulator = Debug|iPhoneSimulator
		Debug|x64 = Debug|x64
		Debug|x86 = Debug|x86
		MinSizeRel|Any CPU = MinSizeRel|Any CPU
		MinSizeRel|iPhone = MinSizeRel|iPhone
		MinSizeRel|iPhoneSimulator = MinSizeRel|iPhoneSimulator
		MinSizeRel|x64 = MinSizeRel|x64
		MinSizeRel|x86 = MinSizeRel|x86
		Release|Any CPU = Release|Any CPU
		Release|iPhone = Release|iPhone
		Release|iPhoneSimulator = Release|iPhoneSimulator
		Release|x64 = Release|x64
		Release|x86 = Release|x86
		RelWithDebInfo|Any CPU = RelWithDebInfo|Any CPU
		RelWithDebInfo|iPhone = RelWithDebInfo|iPhone
		RelWithDebInfo|iPhoneSimulator = RelWithDebInfo|iPhoneSimulator
		RelWithDebInfo|x64 = RelWithDebInfo|x64
		RelWithDebInfo|x86 = RelWithDebInfo|x86
	EndGlobalSection
	GlobalSection(ProjectConfigurationPlatforms) = postSolution
		{24B7B3C4-958A-4559-BF5E-3E7FE6604EC9}.Debug|Any CPU.ActiveCfg = Debug|Any CPU
		{24B7B3C4-958A-4559-BF5E-3E7FE6604EC9}.Debug|Any CPU.Build.0 = Debug|Any CPU
		{24B7B3C4-958A-4559-BF5E-3E7FE6604EC9}.Debug|iPhone.ActiveCfg = Debug|Any CPU
		{24B7B3C4-958A-4559-BF5E-3E7FE6604EC9}.Debug|iPhone.Build.0 = Debug|Any CPU
		{24B7B3C4-958A-4559-BF5E-3E7FE6604EC9}.Debug|iPhoneSimulator.ActiveCfg = Debug|Any CPU
		{24B7B3C4-958A-4559-BF5E-3E7FE6604EC9}.Debug|iPhoneSimulator.Build.0 = Debug|Any CPU
		{24B7B3C4-958A-4559-BF5E-3E7FE6604EC9}.Debug|x64.ActiveCfg = Debug|Any CPU
		{24B7B3C4-958A-4559-BF5E-3E7FE6604EC9}.Debug|x64.Build.0 = Debug|Any CPU
		{24B7B3C4-958A-4559-BF5E-3E7FE6604EC9}.Debug|x86.ActiveCfg = Debug|Any CPU
		{24B7B3C4-958A-4559-BF5E-3E7FE6604EC9}.Debug|x86.Build.0 = Debug|Any CPU
		{24B7B3C4-958A-4559-BF5E-3E7FE6604EC9}.MinSizeRel|Any CPU.ActiveCfg = Release|Any CPU
		{24B7B3C4-958A-4559-BF5E-3E7FE6604EC9}.MinSizeRel|Any CPU.Build.0 = Release|Any CPU
		{24B7B3C4-958A-4559-BF5E-3E7FE6604EC9}.MinSizeRel|iPhone.ActiveCfg = Release|Any CPU
		{24B7B3C4-958A-4559-BF5E-3E7FE6604EC9}.MinSizeRel|iPhone.Build.0 = Release|Any CPU
		{24B7B3C4-958A-4559-BF5E-3E7FE6604EC9}.MinSizeRel|iPhoneSimulator.ActiveCfg = Release|Any CPU
		{24B7B3C4-958A-4559-BF5E-3E7FE6604EC9}.MinSizeRel|iPhoneSimulator.Build.0 = Release|Any CPU
		{24B7B3C4-958A-4559-BF5E-3E7FE6604EC9}.MinSizeRel|x64.ActiveCfg = Release|Any CPU
		{24B7B3C4-958A-4559-BF5E-3E7FE6604EC9}.MinSizeRel|x64.Build.0 = Release|Any CPU
		{24B7B3C4-958A-4559-BF5E-3E7FE6604EC9}.MinSizeRel|x86.ActiveCfg = Release|Any CPU
		{24B7B3C4-958A-4559-BF5E-3E7FE6604EC9}.MinSizeRel|x86.Build.0 = Release|Any CPU
		{24B7B3C4-958A-4559-BF5E-3E7FE6604EC9}.Release|Any CPU.ActiveCfg = Release|Any CPU
		{24B7B3C4-958A-4559-BF5E-3E7FE6604EC9}.Release|Any CPU.Build.0 = Release|Any CPU
		{24B7B3C4-958A-4559-BF5E-3E7FE6604EC9}.Release|iPhone.ActiveCfg = Release|Any CPU
		{24B7B3C4-958A-4559-BF5E-3E7FE6604EC9}.Release|iPhone.Build.0 = Release|Any CPU
		{24B7B3C4-958A-4559-BF5E-3E7FE6604EC9}.Release|iPhoneSimulator.ActiveCfg = Release|Any CPU
		{24B7B3C4-958A-4559-BF5E-3E7FE6604EC9}.Release|iPhoneSimulator.Build.0 = Release|Any CPU
		{24B7B3C4-958A-4559-BF5E-3E7FE6604EC9}.Release|x64.ActiveCfg = Release|Any CPU
		{24B7B3C4-958A-4559-BF5E-3E7FE6604EC9}.Release|x64.Build.0 = Release|Any CPU
		{24B7B3C4-958A-4559-BF5E-3E7FE6604EC9}.Release|x86.ActiveCfg = Release|Any CPU
		{24B7B3C4-958A-4559-BF5E-3E7FE6604EC9}.Release|x86.Build.0 = Release|Any CPU
		{24B7B3C4-958A-4559-BF5E-3E7FE6604EC9}.RelWithDebInfo|Any CPU.ActiveCfg = Release|Any CPU
		{24B7B3C4-958A-4559-BF5E-3E7FE6604EC9}.RelWithDebInfo|Any CPU.Build.0 = Release|Any CPU
		{24B7B3C4-958A-4559-BF5E-3E7FE6604EC9}.RelWithDebInfo|iPhone.ActiveCfg = Release|Any CPU
		{24B7B3C4-958A-4559-BF5E-3E7FE6604EC9}.RelWithDebInfo|iPhone.Build.0 = Release|Any CPU
		{24B7B3C4-958A-4559-BF5E-3E7FE6604EC9}.RelWithDebInfo|iPhoneSimulator.ActiveCfg = Release|Any CPU
		{24B7B3C4-958A-4559-BF5E-3E7FE6604EC9}.RelWithDebInfo|iPhoneSimulator.Build.0 = Release|Any CPU
		{24B7B3C4-958A-4559-BF5E-3E7FE6604EC9}.RelWithDebInfo|x64.ActiveCfg = Release|Any CPU
		{24B7B3C4-958A-4559-BF5E-3E7FE6604EC9}.RelWithDebInfo|x64.Build.0 = Release|Any CPU
		{24B7B3C4-958A-4559-BF5E-3E7FE6604EC9}.RelWithDebInfo|x86.ActiveCfg = Release|Any CPU
		{24B7B3C4-958A-4559-BF5E-3E7FE6604EC9}.RelWithDebInfo|x86.Build.0 = Release|Any CPU
		{196C67E9-3E9E-4D57-B977-11BF00073FC9}.Debug|Any CPU.ActiveCfg = Debug|Any CPU
		{196C67E9-3E9E-4D57-B977-11BF00073FC9}.Debug|Any CPU.Build.0 = Debug|Any CPU
		{196C67E9-3E9E-4D57-B977-11BF00073FC9}.Debug|iPhone.ActiveCfg = Debug|Any CPU
		{196C67E9-3E9E-4D57-B977-11BF00073FC9}.Debug|iPhone.Build.0 = Debug|Any CPU
		{196C67E9-3E9E-4D57-B977-11BF00073FC9}.Debug|iPhoneSimulator.ActiveCfg = Debug|Any CPU
		{196C67E9-3E9E-4D57-B977-11BF00073FC9}.Debug|iPhoneSimulator.Build.0 = Debug|Any CPU
		{196C67E9-3E9E-4D57-B977-11BF00073FC9}.Debug|x64.ActiveCfg = Debug|Any CPU
		{196C67E9-3E9E-4D57-B977-11BF00073FC9}.Debug|x64.Build.0 = Debug|Any CPU
		{196C67E9-3E9E-4D57-B977-11BF00073FC9}.Debug|x86.ActiveCfg = Debug|Any CPU
		{196C67E9-3E9E-4D57-B977-11BF00073FC9}.Debug|x86.Build.0 = Debug|Any CPU
		{196C67E9-3E9E-4D57-B977-11BF00073FC9}.MinSizeRel|Any CPU.ActiveCfg = Release|Any CPU
		{196C67E9-3E9E-4D57-B977-11BF00073FC9}.MinSizeRel|Any CPU.Build.0 = Release|Any CPU
		{196C67E9-3E9E-4D57-B977-11BF00073FC9}.MinSizeRel|iPhone.ActiveCfg = Release|Any CPU
		{196C67E9-3E9E-4D57-B977-11BF00073FC9}.MinSizeRel|iPhone.Build.0 = Release|Any CPU
		{196C67E9-3E9E-4D57-B977-11BF00073FC9}.MinSizeRel|iPhoneSimulator.ActiveCfg = Release|Any CPU
		{196C67E9-3E9E-4D57-B977-11BF00073FC9}.MinSizeRel|iPhoneSimulator.Build.0 = Release|Any CPU
		{196C67E9-3E9E-4D57-B977-11BF00073FC9}.MinSizeRel|x64.ActiveCfg = Release|Any CPU
		{196C67E9-3E9E-4D57-B977-11BF00073FC9}.MinSizeRel|x64.Build.0 = Release|Any CPU
		{196C67E9-3E9E-4D57-B977-11BF00073FC9}.MinSizeRel|x86.ActiveCfg = Release|Any CPU
		{196C67E9-3E9E-4D57-B977-11BF00073FC9}.MinSizeRel|x86.Build.0 = Release|Any CPU
		{196C67E9-3E9E-4D57-B977-11BF00073FC9}.Release|Any CPU.ActiveCfg = Release|Any CPU
		{196C67E9-3E9E-4D57-B977-11BF00073FC9}.Release|Any CPU.Build.0 = Release|Any CPU
		{196C67E9-3E9E-4D57-B977-11BF00073FC9}.Release|iPhone.ActiveCfg = Release|Any CPU
		{196C67E9-3E9E-4D57-B977-11BF00073FC9}.Release|iPhone.Build.0 = Release|Any CPU
		{196C67E9-3E9E-4D57-B977-11BF00073FC9}.Release|iPhoneSimulator.ActiveCfg = Release|Any CPU
		{196C67E9-3E9E-4D57-B977-11BF00073FC9}.Release|iPhoneSimulator.Build.0 = Release|Any CPU
		{196C67E9-3E9E-4D57-B977-11BF00073FC9}.Release|x64.ActiveCfg = Release|Any CPU
		{196C67E9-3E9E-4D57-B977-11BF00073FC9}.Release|x64.Build.0 = Release|Any CPU
		{196C67E9-3E9E-4D57-B977-11BF00073FC9}.Release|x86.ActiveCfg = Release|Any CPU
		{196C67E9-3E9E-4D57-B977-11BF00073FC9}.Release|x86.Build.0 = Release|Any CPU
		{196C67E9-3E9E-4D57-B977-11BF00073FC9}.RelWithDebInfo|Any CPU.ActiveCfg = Release|Any CPU
		{196C67E9-3E9E-4D57-B977-11BF00073FC9}.RelWithDebInfo|Any CPU.Build.0 = Release|Any CPU
		{196C67E9-3E9E-4D57-B977-11BF00073FC9}.RelWithDebInfo|iPhone.ActiveCfg = Release|Any CPU
		{196C67E9-3E9E-4D57-B977-11BF00073FC9}.RelWithDebInfo|iPhone.Build.0 = Release|Any CPU
		{196C67E9-3E9E-4D57-B977-11BF00073FC9}.RelWithDebInfo|iPhoneSimulator.ActiveCfg = Release|Any CPU
		{196C67E9-3E9E-4D57-B977-11BF00073FC9}.RelWithDebInfo|iPhoneSimulator.Build.0 = Release|Any CPU
		{196C67E9-3E9E-4D57-B977-11BF00073FC9}.RelWithDebInfo|x64.ActiveCfg = Release|Any CPU
		{196C67E9-3E9E-4D57-B977-11BF00073FC9}.RelWithDebInfo|x64.Build.0 = Release|Any CPU
		{196C67E9-3E9E-4D57-B977-11BF00073FC9}.RelWithDebInfo|x86.ActiveCfg = Release|Any CPU
		{196C67E9-3E9E-4D57-B977-11BF00073FC9}.RelWithDebInfo|x86.Build.0 = Release|Any CPU
		{581141F6-5522-4B66-8404-4C376F42FB5C}.Debug|Any CPU.ActiveCfg = Debug|Any CPU
		{581141F6-5522-4B66-8404-4C376F42FB5C}.Debug|Any CPU.Build.0 = Debug|Any CPU
		{581141F6-5522-4B66-8404-4C376F42FB5C}.Debug|iPhone.ActiveCfg = Debug|Any CPU
		{581141F6-5522-4B66-8404-4C376F42FB5C}.Debug|iPhone.Build.0 = Debug|Any CPU
		{581141F6-5522-4B66-8404-4C376F42FB5C}.Debug|iPhoneSimulator.ActiveCfg = Debug|Any CPU
		{581141F6-5522-4B66-8404-4C376F42FB5C}.Debug|iPhoneSimulator.Build.0 = Debug|Any CPU
		{581141F6-5522-4B66-8404-4C376F42FB5C}.Debug|x64.ActiveCfg = Debug|Any CPU
		{581141F6-5522-4B66-8404-4C376F42FB5C}.Debug|x64.Build.0 = Debug|Any CPU
		{581141F6-5522-4B66-8404-4C376F42FB5C}.Debug|x86.ActiveCfg = Debug|Any CPU
		{581141F6-5522-4B66-8404-4C376F42FB5C}.Debug|x86.Build.0 = Debug|Any CPU
		{581141F6-5522-4B66-8404-4C376F42FB5C}.MinSizeRel|Any CPU.ActiveCfg = Release|Any CPU
		{581141F6-5522-4B66-8404-4C376F42FB5C}.MinSizeRel|Any CPU.Build.0 = Release|Any CPU
		{581141F6-5522-4B66-8404-4C376F42FB5C}.MinSizeRel|iPhone.ActiveCfg = Release|Any CPU
		{581141F6-5522-4B66-8404-4C376F42FB5C}.MinSizeRel|iPhone.Build.0 = Release|Any CPU
		{581141F6-5522-4B66-8404-4C376F42FB5C}.MinSizeRel|iPhoneSimulator.ActiveCfg = Release|Any CPU
		{581141F6-5522-4B66-8404-4C376F42FB5C}.MinSizeRel|iPhoneSimulator.Build.0 = Release|Any CPU
		{581141F6-5522-4B66-8404-4C376F42FB5C}.MinSizeRel|x64.ActiveCfg = Release|Any CPU
		{581141F6-5522-4B66-8404-4C376F42FB5C}.MinSizeRel|x64.Build.0 = Release|Any CPU
		{581141F6-5522-4B66-8404-4C376F42FB5C}.MinSizeRel|x86.ActiveCfg = Release|Any CPU
		{581141F6-5522-4B66-8404-4C376F42FB5C}.MinSizeRel|x86.Build.0 = Release|Any CPU
		{581141F6-5522-4B66-8404-4C376F42FB5C}.Release|Any CPU.ActiveCfg = Release|Any CPU
		{581141F6-5522-4B66-8404-4C376F42FB5C}.Release|Any CPU.Build.0 = Release|Any CPU
		{581141F6-5522-4B66-8404-4C376F42FB5C}.Release|iPhone.ActiveCfg = Release|Any CPU
		{581141F6-5522-4B66-8404-4C376F42FB5C}.Release|iPhone.Build.0 = Release|Any CPU
		{581141F6-5522-4B66-8404-4C376F42FB5C}.Release|iPhoneSimulator.ActiveCfg = Release|Any CPU
		{581141F6-5522-4B66-8404-4C376F42FB5C}.Release|iPhoneSimulator.Build.0 = Release|Any CPU
		{581141F6-5522-4B66-8404-4C376F42FB5C}.Release|x64.ActiveCfg = Release|Any CPU
		{581141F6-5522-4B66-8404-4C376F42FB5C}.Release|x64.Build.0 = Release|Any CPU
		{581141F6-5522-4B66-8404-4C376F42FB5C}.Release|x86.ActiveCfg = Release|Any CPU
		{581141F6-5522-4B66-8404-4C376F42FB5C}.Release|x86.Build.0 = Release|Any CPU
		{581141F6-5522-4B66-8404-4C376F42FB5C}.RelWithDebInfo|Any CPU.ActiveCfg = Release|Any CPU
		{581141F6-5522-4B66-8404-4C376F42FB5C}.RelWithDebInfo|Any CPU.Build.0 = Release|Any CPU
		{581141F6-5522-4B66-8404-4C376F42FB5C}.RelWithDebInfo|iPhone.ActiveCfg = Release|Any CPU
		{581141F6-5522-4B66-8404-4C376F42FB5C}.RelWithDebInfo|iPhone.Build.0 = Release|Any CPU
		{581141F6-5522-4B66-8404-4C376F42FB5C}.RelWithDebInfo|iPhoneSimulator.ActiveCfg = Release|Any CPU
		{581141F6-5522-4B66-8404-4C376F42FB5C}.RelWithDebInfo|iPhoneSimulator.Build.0 = Release|Any CPU
		{581141F6-5522-4B66-8404-4C376F42FB5C}.RelWithDebInfo|x64.ActiveCfg = Release|Any CPU
		{581141F6-5522-4B66-8404-4C376F42FB5C}.RelWithDebInfo|x64.Build.0 = Release|Any CPU
		{581141F6-5522-4B66-8404-4C376F42FB5C}.RelWithDebInfo|x86.ActiveCfg = Release|Any CPU
		{581141F6-5522-4B66-8404-4C376F42FB5C}.RelWithDebInfo|x86.Build.0 = Release|Any CPU
		{BA247A5F-A935-47F7-BEFF-3619512B64F4}.Debug|Any CPU.ActiveCfg = Debug|Any CPU
		{BA247A5F-A935-47F7-BEFF-3619512B64F4}.Debug|Any CPU.Build.0 = Debug|Any CPU
		{BA247A5F-A935-47F7-BEFF-3619512B64F4}.Debug|iPhone.ActiveCfg = Debug|Any CPU
		{BA247A5F-A935-47F7-BEFF-3619512B64F4}.Debug|iPhone.Build.0 = Debug|Any CPU
		{BA247A5F-A935-47F7-BEFF-3619512B64F4}.Debug|iPhoneSimulator.ActiveCfg = Debug|Any CPU
		{BA247A5F-A935-47F7-BEFF-3619512B64F4}.Debug|iPhoneSimulator.Build.0 = Debug|Any CPU
		{BA247A5F-A935-47F7-BEFF-3619512B64F4}.Debug|x64.ActiveCfg = Debug|Any CPU
		{BA247A5F-A935-47F7-BEFF-3619512B64F4}.Debug|x64.Build.0 = Debug|Any CPU
		{BA247A5F-A935-47F7-BEFF-3619512B64F4}.Debug|x86.ActiveCfg = Debug|Any CPU
		{BA247A5F-A935-47F7-BEFF-3619512B64F4}.Debug|x86.Build.0 = Debug|Any CPU
		{BA247A5F-A935-47F7-BEFF-3619512B64F4}.MinSizeRel|Any CPU.ActiveCfg = Release|Any CPU
		{BA247A5F-A935-47F7-BEFF-3619512B64F4}.MinSizeRel|Any CPU.Build.0 = Release|Any CPU
		{BA247A5F-A935-47F7-BEFF-3619512B64F4}.MinSizeRel|iPhone.ActiveCfg = Release|Any CPU
		{BA247A5F-A935-47F7-BEFF-3619512B64F4}.MinSizeRel|iPhone.Build.0 = Release|Any CPU
		{BA247A5F-A935-47F7-BEFF-3619512B64F4}.MinSizeRel|iPhoneSimulator.ActiveCfg = Release|Any CPU
		{BA247A5F-A935-47F7-BEFF-3619512B64F4}.MinSizeRel|iPhoneSimulator.Build.0 = Release|Any CPU
		{BA247A5F-A935-47F7-BEFF-3619512B64F4}.MinSizeRel|x64.ActiveCfg = Release|Any CPU
		{BA247A5F-A935-47F7-BEFF-3619512B64F4}.MinSizeRel|x64.Build.0 = Release|Any CPU
		{BA247A5F-A935-47F7-BEFF-3619512B64F4}.MinSizeRel|x86.ActiveCfg = Release|Any CPU
		{BA247A5F-A935-47F7-BEFF-3619512B64F4}.MinSizeRel|x86.Build.0 = Release|Any CPU
		{BA247A5F-A935-47F7-BEFF-3619512B64F4}.Release|Any CPU.ActiveCfg = Release|Any CPU
		{BA247A5F-A935-47F7-BEFF-3619512B64F4}.Release|Any CPU.Build.0 = Release|Any CPU
		{BA247A5F-A935-47F7-BEFF-3619512B64F4}.Release|iPhone.ActiveCfg = Release|Any CPU
		{BA247A5F-A935-47F7-BEFF-3619512B64F4}.Release|iPhone.Build.0 = Release|Any CPU
		{BA247A5F-A935-47F7-BEFF-3619512B64F4}.Release|iPhoneSimulator.ActiveCfg = Release|Any CPU
		{BA247A5F-A935-47F7-BEFF-3619512B64F4}.Release|iPhoneSimulator.Build.0 = Release|Any CPU
		{BA247A5F-A935-47F7-BEFF-3619512B64F4}.Release|x64.ActiveCfg = Release|Any CPU
		{BA247A5F-A935-47F7-BEFF-3619512B64F4}.Release|x64.Build.0 = Release|Any CPU
		{BA247A5F-A935-47F7-BEFF-3619512B64F4}.Release|x86.ActiveCfg = Release|Any CPU
		{BA247A5F-A935-47F7-BEFF-3619512B64F4}.Release|x86.Build.0 = Release|Any CPU
		{BA247A5F-A935-47F7-BEFF-3619512B64F4}.RelWithDebInfo|Any CPU.ActiveCfg = Release|Any CPU
		{BA247A5F-A935-47F7-BEFF-3619512B64F4}.RelWithDebInfo|Any CPU.Build.0 = Release|Any CPU
		{BA247A5F-A935-47F7-BEFF-3619512B64F4}.RelWithDebInfo|iPhone.ActiveCfg = Release|Any CPU
		{BA247A5F-A935-47F7-BEFF-3619512B64F4}.RelWithDebInfo|iPhone.Build.0 = Release|Any CPU
		{BA247A5F-A935-47F7-BEFF-3619512B64F4}.RelWithDebInfo|iPhoneSimulator.ActiveCfg = Release|Any CPU
		{BA247A5F-A935-47F7-BEFF-3619512B64F4}.RelWithDebInfo|iPhoneSimulator.Build.0 = Release|Any CPU
		{BA247A5F-A935-47F7-BEFF-3619512B64F4}.RelWithDebInfo|x64.ActiveCfg = Release|Any CPU
		{BA247A5F-A935-47F7-BEFF-3619512B64F4}.RelWithDebInfo|x64.Build.0 = Release|Any CPU
		{BA247A5F-A935-47F7-BEFF-3619512B64F4}.RelWithDebInfo|x86.ActiveCfg = Release|Any CPU
		{BA247A5F-A935-47F7-BEFF-3619512B64F4}.RelWithDebInfo|x86.Build.0 = Release|Any CPU
		{C4E356A9-C221-47E1-B566-458D9C6ACB18}.Debug|Any CPU.ActiveCfg = Debug|Any CPU
		{C4E356A9-C221-47E1-B566-458D9C6ACB18}.Debug|Any CPU.Build.0 = Debug|Any CPU
		{C4E356A9-C221-47E1-B566-458D9C6ACB18}.Debug|iPhone.ActiveCfg = Debug|Any CPU
		{C4E356A9-C221-47E1-B566-458D9C6ACB18}.Debug|iPhone.Build.0 = Debug|Any CPU
		{C4E356A9-C221-47E1-B566-458D9C6ACB18}.Debug|iPhoneSimulator.ActiveCfg = Debug|Any CPU
		{C4E356A9-C221-47E1-B566-458D9C6ACB18}.Debug|iPhoneSimulator.Build.0 = Debug|Any CPU
		{C4E356A9-C221-47E1-B566-458D9C6ACB18}.Debug|x64.ActiveCfg = Debug|Any CPU
		{C4E356A9-C221-47E1-B566-458D9C6ACB18}.Debug|x64.Build.0 = Debug|Any CPU
		{C4E356A9-C221-47E1-B566-458D9C6ACB18}.Debug|x86.ActiveCfg = Debug|Any CPU
		{C4E356A9-C221-47E1-B566-458D9C6ACB18}.Debug|x86.Build.0 = Debug|Any CPU
		{C4E356A9-C221-47E1-B566-458D9C6ACB18}.MinSizeRel|Any CPU.ActiveCfg = Release|Any CPU
		{C4E356A9-C221-47E1-B566-458D9C6ACB18}.MinSizeRel|Any CPU.Build.0 = Release|Any CPU
		{C4E356A9-C221-47E1-B566-458D9C6ACB18}.MinSizeRel|iPhone.ActiveCfg = Release|Any CPU
		{C4E356A9-C221-47E1-B566-458D9C6ACB18}.MinSizeRel|iPhone.Build.0 = Release|Any CPU
		{C4E356A9-C221-47E1-B566-458D9C6ACB18}.MinSizeRel|iPhoneSimulator.ActiveCfg = Release|Any CPU
		{C4E356A9-C221-47E1-B566-458D9C6ACB18}.MinSizeRel|iPhoneSimulator.Build.0 = Release|Any CPU
		{C4E356A9-C221-47E1-B566-458D9C6ACB18}.MinSizeRel|x64.ActiveCfg = Release|Any CPU
		{C4E356A9-C221-47E1-B566-458D9C6ACB18}.MinSizeRel|x64.Build.0 = Release|Any CPU
		{C4E356A9-C221-47E1-B566-458D9C6ACB18}.MinSizeRel|x86.ActiveCfg = Release|Any CPU
		{C4E356A9-C221-47E1-B566-458D9C6ACB18}.MinSizeRel|x86.Build.0 = Release|Any CPU
		{C4E356A9-C221-47E1-B566-458D9C6ACB18}.Release|Any CPU.ActiveCfg = Release|Any CPU
		{C4E356A9-C221-47E1-B566-458D9C6ACB18}.Release|Any CPU.Build.0 = Release|Any CPU
		{C4E356A9-C221-47E1-B566-458D9C6ACB18}.Release|iPhone.ActiveCfg = Release|Any CPU
		{C4E356A9-C221-47E1-B566-458D9C6ACB18}.Release|iPhone.Build.0 = Release|Any CPU
		{C4E356A9-C221-47E1-B566-458D9C6ACB18}.Release|iPhoneSimulator.ActiveCfg = Release|Any CPU
		{C4E356A9-C221-47E1-B566-458D9C6ACB18}.Release|iPhoneSimulator.Build.0 = Release|Any CPU
		{C4E356A9-C221-47E1-B566-458D9C6ACB18}.Release|x64.ActiveCfg = Release|Any CPU
		{C4E356A9-C221-47E1-B566-458D9C6ACB18}.Release|x64.Build.0 = Release|Any CPU
		{C4E356A9-C221-47E1-B566-458D9C6ACB18}.Release|x86.ActiveCfg = Release|Any CPU
		{C4E356A9-C221-47E1-B566-458D9C6ACB18}.Release|x86.Build.0 = Release|Any CPU
		{C4E356A9-C221-47E1-B566-458D9C6ACB18}.RelWithDebInfo|Any CPU.ActiveCfg = Release|Any CPU
		{C4E356A9-C221-47E1-B566-458D9C6ACB18}.RelWithDebInfo|Any CPU.Build.0 = Release|Any CPU
		{C4E356A9-C221-47E1-B566-458D9C6ACB18}.RelWithDebInfo|iPhone.ActiveCfg = Release|Any CPU
		{C4E356A9-C221-47E1-B566-458D9C6ACB18}.RelWithDebInfo|iPhone.Build.0 = Release|Any CPU
		{C4E356A9-C221-47E1-B566-458D9C6ACB18}.RelWithDebInfo|iPhoneSimulator.ActiveCfg = Release|Any CPU
		{C4E356A9-C221-47E1-B566-458D9C6ACB18}.RelWithDebInfo|iPhoneSimulator.Build.0 = Release|Any CPU
		{C4E356A9-C221-47E1-B566-458D9C6ACB18}.RelWithDebInfo|x64.ActiveCfg = Release|Any CPU
		{C4E356A9-C221-47E1-B566-458D9C6ACB18}.RelWithDebInfo|x64.Build.0 = Release|Any CPU
		{C4E356A9-C221-47E1-B566-458D9C6ACB18}.RelWithDebInfo|x86.ActiveCfg = Release|Any CPU
		{C4E356A9-C221-47E1-B566-458D9C6ACB18}.RelWithDebInfo|x86.Build.0 = Release|Any CPU
		{B2890F22-29C4-410B-9F39-40BEC6818E33}.Debug|Any CPU.ActiveCfg = Debug|iPhoneSimulator
		{B2890F22-29C4-410B-9F39-40BEC6818E33}.Debug|Any CPU.Build.0 = Debug|iPhoneSimulator
		{B2890F22-29C4-410B-9F39-40BEC6818E33}.Debug|iPhone.ActiveCfg = Debug|iPhone
		{B2890F22-29C4-410B-9F39-40BEC6818E33}.Debug|iPhone.Build.0 = Debug|iPhone
		{B2890F22-29C4-410B-9F39-40BEC6818E33}.Debug|iPhoneSimulator.ActiveCfg = Debug|iPhoneSimulator
		{B2890F22-29C4-410B-9F39-40BEC6818E33}.Debug|iPhoneSimulator.Build.0 = Debug|iPhoneSimulator
		{B2890F22-29C4-410B-9F39-40BEC6818E33}.Debug|x64.ActiveCfg = Debug|iPhone
		{B2890F22-29C4-410B-9F39-40BEC6818E33}.Debug|x86.ActiveCfg = Debug|iPhone
		{B2890F22-29C4-410B-9F39-40BEC6818E33}.MinSizeRel|Any CPU.ActiveCfg = Release|iPhone
		{B2890F22-29C4-410B-9F39-40BEC6818E33}.MinSizeRel|Any CPU.Build.0 = Release|iPhone
		{B2890F22-29C4-410B-9F39-40BEC6818E33}.MinSizeRel|iPhone.ActiveCfg = Release|iPhone
		{B2890F22-29C4-410B-9F39-40BEC6818E33}.MinSizeRel|iPhone.Build.0 = Release|iPhone
		{B2890F22-29C4-410B-9F39-40BEC6818E33}.MinSizeRel|iPhoneSimulator.ActiveCfg = Release|iPhoneSimulator
		{B2890F22-29C4-410B-9F39-40BEC6818E33}.MinSizeRel|iPhoneSimulator.Build.0 = Release|iPhoneSimulator
		{B2890F22-29C4-410B-9F39-40BEC6818E33}.MinSizeRel|x64.ActiveCfg = Release|iPhone
		{B2890F22-29C4-410B-9F39-40BEC6818E33}.MinSizeRel|x64.Build.0 = Release|iPhone
		{B2890F22-29C4-410B-9F39-40BEC6818E33}.MinSizeRel|x86.ActiveCfg = Release|iPhoneSimulator
		{B2890F22-29C4-410B-9F39-40BEC6818E33}.MinSizeRel|x86.Build.0 = Release|iPhoneSimulator
		{B2890F22-29C4-410B-9F39-40BEC6818E33}.Release|Any CPU.ActiveCfg = Release|iPhoneSimulator
		{B2890F22-29C4-410B-9F39-40BEC6818E33}.Release|Any CPU.Build.0 = Release|iPhoneSimulator
		{B2890F22-29C4-410B-9F39-40BEC6818E33}.Release|iPhone.ActiveCfg = Release|iPhone
		{B2890F22-29C4-410B-9F39-40BEC6818E33}.Release|iPhone.Build.0 = Release|iPhone
		{B2890F22-29C4-410B-9F39-40BEC6818E33}.Release|iPhoneSimulator.ActiveCfg = Release|iPhoneSimulator
		{B2890F22-29C4-410B-9F39-40BEC6818E33}.Release|iPhoneSimulator.Build.0 = Release|iPhoneSimulator
		{B2890F22-29C4-410B-9F39-40BEC6818E33}.Release|x64.ActiveCfg = Release|iPhone
		{B2890F22-29C4-410B-9F39-40BEC6818E33}.Release|x86.ActiveCfg = Release|iPhoneSimulator
		{B2890F22-29C4-410B-9F39-40BEC6818E33}.RelWithDebInfo|Any CPU.ActiveCfg = Release|iPhone
		{B2890F22-29C4-410B-9F39-40BEC6818E33}.RelWithDebInfo|Any CPU.Build.0 = Release|iPhone
		{B2890F22-29C4-410B-9F39-40BEC6818E33}.RelWithDebInfo|iPhone.ActiveCfg = Release|iPhone
		{B2890F22-29C4-410B-9F39-40BEC6818E33}.RelWithDebInfo|iPhone.Build.0 = Release|iPhone
		{B2890F22-29C4-410B-9F39-40BEC6818E33}.RelWithDebInfo|iPhoneSimulator.ActiveCfg = Release|iPhoneSimulator
		{B2890F22-29C4-410B-9F39-40BEC6818E33}.RelWithDebInfo|iPhoneSimulator.Build.0 = Release|iPhoneSimulator
		{B2890F22-29C4-410B-9F39-40BEC6818E33}.RelWithDebInfo|x64.ActiveCfg = Release|iPhone
		{B2890F22-29C4-410B-9F39-40BEC6818E33}.RelWithDebInfo|x64.Build.0 = Release|iPhone
		{B2890F22-29C4-410B-9F39-40BEC6818E33}.RelWithDebInfo|x86.ActiveCfg = Release|iPhoneSimulator
		{B2890F22-29C4-410B-9F39-40BEC6818E33}.RelWithDebInfo|x86.Build.0 = Release|iPhoneSimulator
		{5FA920C7-EA7E-4FDA-860B-81BD19613DB6}.Debug|Any CPU.ActiveCfg = Debug|Any CPU
		{5FA920C7-EA7E-4FDA-860B-81BD19613DB6}.Debug|Any CPU.Build.0 = Debug|Any CPU
		{5FA920C7-EA7E-4FDA-860B-81BD19613DB6}.Debug|iPhone.ActiveCfg = Debug|Any CPU
		{5FA920C7-EA7E-4FDA-860B-81BD19613DB6}.Debug|iPhone.Build.0 = Debug|Any CPU
		{5FA920C7-EA7E-4FDA-860B-81BD19613DB6}.Debug|iPhoneSimulator.ActiveCfg = Debug|Any CPU
		{5FA920C7-EA7E-4FDA-860B-81BD19613DB6}.Debug|iPhoneSimulator.Build.0 = Debug|Any CPU
		{5FA920C7-EA7E-4FDA-860B-81BD19613DB6}.Debug|x64.ActiveCfg = Debug|Any CPU
		{5FA920C7-EA7E-4FDA-860B-81BD19613DB6}.Debug|x64.Build.0 = Debug|Any CPU
		{5FA920C7-EA7E-4FDA-860B-81BD19613DB6}.Debug|x86.ActiveCfg = Debug|Any CPU
		{5FA920C7-EA7E-4FDA-860B-81BD19613DB6}.Debug|x86.Build.0 = Debug|Any CPU
		{5FA920C7-EA7E-4FDA-860B-81BD19613DB6}.MinSizeRel|Any CPU.ActiveCfg = Release|Any CPU
		{5FA920C7-EA7E-4FDA-860B-81BD19613DB6}.MinSizeRel|Any CPU.Build.0 = Release|Any CPU
		{5FA920C7-EA7E-4FDA-860B-81BD19613DB6}.MinSizeRel|iPhone.ActiveCfg = Release|Any CPU
		{5FA920C7-EA7E-4FDA-860B-81BD19613DB6}.MinSizeRel|iPhone.Build.0 = Release|Any CPU
		{5FA920C7-EA7E-4FDA-860B-81BD19613DB6}.MinSizeRel|iPhoneSimulator.ActiveCfg = Release|Any CPU
		{5FA920C7-EA7E-4FDA-860B-81BD19613DB6}.MinSizeRel|iPhoneSimulator.Build.0 = Release|Any CPU
		{5FA920C7-EA7E-4FDA-860B-81BD19613DB6}.MinSizeRel|x64.ActiveCfg = Release|Any CPU
		{5FA920C7-EA7E-4FDA-860B-81BD19613DB6}.MinSizeRel|x64.Build.0 = Release|Any CPU
		{5FA920C7-EA7E-4FDA-860B-81BD19613DB6}.MinSizeRel|x86.ActiveCfg = Release|Any CPU
		{5FA920C7-EA7E-4FDA-860B-81BD19613DB6}.MinSizeRel|x86.Build.0 = Release|Any CPU
		{5FA920C7-EA7E-4FDA-860B-81BD19613DB6}.Release|Any CPU.ActiveCfg = Release|Any CPU
		{5FA920C7-EA7E-4FDA-860B-81BD19613DB6}.Release|Any CPU.Build.0 = Release|Any CPU
		{5FA920C7-EA7E-4FDA-860B-81BD19613DB6}.Release|iPhone.ActiveCfg = Release|Any CPU
		{5FA920C7-EA7E-4FDA-860B-81BD19613DB6}.Release|iPhone.Build.0 = Release|Any CPU
		{5FA920C7-EA7E-4FDA-860B-81BD19613DB6}.Release|iPhoneSimulator.ActiveCfg = Release|Any CPU
		{5FA920C7-EA7E-4FDA-860B-81BD19613DB6}.Release|iPhoneSimulator.Build.0 = Release|Any CPU
		{5FA920C7-EA7E-4FDA-860B-81BD19613DB6}.Release|x64.ActiveCfg = Release|Any CPU
		{5FA920C7-EA7E-4FDA-860B-81BD19613DB6}.Release|x64.Build.0 = Release|Any CPU
		{5FA920C7-EA7E-4FDA-860B-81BD19613DB6}.Release|x86.ActiveCfg = Release|Any CPU
		{5FA920C7-EA7E-4FDA-860B-81BD19613DB6}.Release|x86.Build.0 = Release|Any CPU
		{5FA920C7-EA7E-4FDA-860B-81BD19613DB6}.RelWithDebInfo|Any CPU.ActiveCfg = Release|Any CPU
		{5FA920C7-EA7E-4FDA-860B-81BD19613DB6}.RelWithDebInfo|Any CPU.Build.0 = Release|Any CPU
		{5FA920C7-EA7E-4FDA-860B-81BD19613DB6}.RelWithDebInfo|iPhone.ActiveCfg = Release|Any CPU
		{5FA920C7-EA7E-4FDA-860B-81BD19613DB6}.RelWithDebInfo|iPhone.Build.0 = Release|Any CPU
		{5FA920C7-EA7E-4FDA-860B-81BD19613DB6}.RelWithDebInfo|iPhoneSimulator.ActiveCfg = Release|Any CPU
		{5FA920C7-EA7E-4FDA-860B-81BD19613DB6}.RelWithDebInfo|iPhoneSimulator.Build.0 = Release|Any CPU
		{5FA920C7-EA7E-4FDA-860B-81BD19613DB6}.RelWithDebInfo|x64.ActiveCfg = Release|Any CPU
		{5FA920C7-EA7E-4FDA-860B-81BD19613DB6}.RelWithDebInfo|x64.Build.0 = Release|Any CPU
		{5FA920C7-EA7E-4FDA-860B-81BD19613DB6}.RelWithDebInfo|x86.ActiveCfg = Release|Any CPU
		{5FA920C7-EA7E-4FDA-860B-81BD19613DB6}.RelWithDebInfo|x86.Build.0 = Release|Any CPU
		{7059EDC1-60B1-4EF6-87A2-CEF95B967DBB}.Debug|Any CPU.ActiveCfg = Debug|Any CPU
		{7059EDC1-60B1-4EF6-87A2-CEF95B967DBB}.Debug|Any CPU.Build.0 = Debug|Any CPU
		{7059EDC1-60B1-4EF6-87A2-CEF95B967DBB}.Debug|iPhone.ActiveCfg = Debug|Any CPU
		{7059EDC1-60B1-4EF6-87A2-CEF95B967DBB}.Debug|iPhone.Build.0 = Debug|Any CPU
		{7059EDC1-60B1-4EF6-87A2-CEF95B967DBB}.Debug|iPhoneSimulator.ActiveCfg = Debug|Any CPU
		{7059EDC1-60B1-4EF6-87A2-CEF95B967DBB}.Debug|iPhoneSimulator.Build.0 = Debug|Any CPU
		{7059EDC1-60B1-4EF6-87A2-CEF95B967DBB}.Debug|x64.ActiveCfg = Debug|Any CPU
		{7059EDC1-60B1-4EF6-87A2-CEF95B967DBB}.Debug|x64.Build.0 = Debug|Any CPU
		{7059EDC1-60B1-4EF6-87A2-CEF95B967DBB}.Debug|x86.ActiveCfg = Debug|Any CPU
		{7059EDC1-60B1-4EF6-87A2-CEF95B967DBB}.Debug|x86.Build.0 = Debug|Any CPU
		{7059EDC1-60B1-4EF6-87A2-CEF95B967DBB}.MinSizeRel|Any CPU.ActiveCfg = Release|Any CPU
		{7059EDC1-60B1-4EF6-87A2-CEF95B967DBB}.MinSizeRel|Any CPU.Build.0 = Release|Any CPU
		{7059EDC1-60B1-4EF6-87A2-CEF95B967DBB}.MinSizeRel|iPhone.ActiveCfg = Release|Any CPU
		{7059EDC1-60B1-4EF6-87A2-CEF95B967DBB}.MinSizeRel|iPhone.Build.0 = Release|Any CPU
		{7059EDC1-60B1-4EF6-87A2-CEF95B967DBB}.MinSizeRel|iPhoneSimulator.ActiveCfg = Release|Any CPU
		{7059EDC1-60B1-4EF6-87A2-CEF95B967DBB}.MinSizeRel|iPhoneSimulator.Build.0 = Release|Any CPU
		{7059EDC1-60B1-4EF6-87A2-CEF95B967DBB}.MinSizeRel|x64.ActiveCfg = Release|Any CPU
		{7059EDC1-60B1-4EF6-87A2-CEF95B967DBB}.MinSizeRel|x64.Build.0 = Release|Any CPU
		{7059EDC1-60B1-4EF6-87A2-CEF95B967DBB}.MinSizeRel|x86.ActiveCfg = Release|Any CPU
		{7059EDC1-60B1-4EF6-87A2-CEF95B967DBB}.MinSizeRel|x86.Build.0 = Release|Any CPU
		{7059EDC1-60B1-4EF6-87A2-CEF95B967DBB}.Release|Any CPU.ActiveCfg = Release|Any CPU
		{7059EDC1-60B1-4EF6-87A2-CEF95B967DBB}.Release|Any CPU.Build.0 = Release|Any CPU
		{7059EDC1-60B1-4EF6-87A2-CEF95B967DBB}.Release|iPhone.ActiveCfg = Release|Any CPU
		{7059EDC1-60B1-4EF6-87A2-CEF95B967DBB}.Release|iPhone.Build.0 = Release|Any CPU
		{7059EDC1-60B1-4EF6-87A2-CEF95B967DBB}.Release|iPhoneSimulator.ActiveCfg = Release|Any CPU
		{7059EDC1-60B1-4EF6-87A2-CEF95B967DBB}.Release|iPhoneSimulator.Build.0 = Release|Any CPU
		{7059EDC1-60B1-4EF6-87A2-CEF95B967DBB}.Release|x64.ActiveCfg = Release|Any CPU
		{7059EDC1-60B1-4EF6-87A2-CEF95B967DBB}.Release|x64.Build.0 = Release|Any CPU
		{7059EDC1-60B1-4EF6-87A2-CEF95B967DBB}.Release|x86.ActiveCfg = Release|Any CPU
		{7059EDC1-60B1-4EF6-87A2-CEF95B967DBB}.Release|x86.Build.0 = Release|Any CPU
		{7059EDC1-60B1-4EF6-87A2-CEF95B967DBB}.RelWithDebInfo|Any CPU.ActiveCfg = Release|Any CPU
		{7059EDC1-60B1-4EF6-87A2-CEF95B967DBB}.RelWithDebInfo|Any CPU.Build.0 = Release|Any CPU
		{7059EDC1-60B1-4EF6-87A2-CEF95B967DBB}.RelWithDebInfo|iPhone.ActiveCfg = Release|Any CPU
		{7059EDC1-60B1-4EF6-87A2-CEF95B967DBB}.RelWithDebInfo|iPhone.Build.0 = Release|Any CPU
		{7059EDC1-60B1-4EF6-87A2-CEF95B967DBB}.RelWithDebInfo|iPhoneSimulator.ActiveCfg = Release|Any CPU
		{7059EDC1-60B1-4EF6-87A2-CEF95B967DBB}.RelWithDebInfo|iPhoneSimulator.Build.0 = Release|Any CPU
		{7059EDC1-60B1-4EF6-87A2-CEF95B967DBB}.RelWithDebInfo|x64.ActiveCfg = Release|Any CPU
		{7059EDC1-60B1-4EF6-87A2-CEF95B967DBB}.RelWithDebInfo|x64.Build.0 = Release|Any CPU
		{7059EDC1-60B1-4EF6-87A2-CEF95B967DBB}.RelWithDebInfo|x86.ActiveCfg = Release|Any CPU
		{7059EDC1-60B1-4EF6-87A2-CEF95B967DBB}.RelWithDebInfo|x86.Build.0 = Release|Any CPU
		{D53EC302-8E28-4D61-9C6C-B01772F863E3}.Debug|Any CPU.ActiveCfg = Debug|Any CPU
		{D53EC302-8E28-4D61-9C6C-B01772F863E3}.Debug|Any CPU.Build.0 = Debug|Any CPU
		{D53EC302-8E28-4D61-9C6C-B01772F863E3}.Debug|iPhone.ActiveCfg = Debug|Any CPU
		{D53EC302-8E28-4D61-9C6C-B01772F863E3}.Debug|iPhone.Build.0 = Debug|Any CPU
		{D53EC302-8E28-4D61-9C6C-B01772F863E3}.Debug|iPhoneSimulator.ActiveCfg = Debug|Any CPU
		{D53EC302-8E28-4D61-9C6C-B01772F863E3}.Debug|iPhoneSimulator.Build.0 = Debug|Any CPU
		{D53EC302-8E28-4D61-9C6C-B01772F863E3}.Debug|x64.ActiveCfg = Debug|Any CPU
		{D53EC302-8E28-4D61-9C6C-B01772F863E3}.Debug|x64.Build.0 = Debug|Any CPU
		{D53EC302-8E28-4D61-9C6C-B01772F863E3}.Debug|x86.ActiveCfg = Debug|Any CPU
		{D53EC302-8E28-4D61-9C6C-B01772F863E3}.Debug|x86.Build.0 = Debug|Any CPU
		{D53EC302-8E28-4D61-9C6C-B01772F863E3}.MinSizeRel|Any CPU.ActiveCfg = Release|Any CPU
		{D53EC302-8E28-4D61-9C6C-B01772F863E3}.MinSizeRel|Any CPU.Build.0 = Release|Any CPU
		{D53EC302-8E28-4D61-9C6C-B01772F863E3}.MinSizeRel|iPhone.ActiveCfg = Release|Any CPU
		{D53EC302-8E28-4D61-9C6C-B01772F863E3}.MinSizeRel|iPhone.Build.0 = Release|Any CPU
		{D53EC302-8E28-4D61-9C6C-B01772F863E3}.MinSizeRel|iPhoneSimulator.ActiveCfg = Release|Any CPU
		{D53EC302-8E28-4D61-9C6C-B01772F863E3}.MinSizeRel|iPhoneSimulator.Build.0 = Release|Any CPU
		{D53EC302-8E28-4D61-9C6C-B01772F863E3}.MinSizeRel|x64.ActiveCfg = Release|Any CPU
		{D53EC302-8E28-4D61-9C6C-B01772F863E3}.MinSizeRel|x64.Build.0 = Release|Any CPU
		{D53EC302-8E28-4D61-9C6C-B01772F863E3}.MinSizeRel|x86.ActiveCfg = Release|Any CPU
		{D53EC302-8E28-4D61-9C6C-B01772F863E3}.MinSizeRel|x86.Build.0 = Release|Any CPU
		{D53EC302-8E28-4D61-9C6C-B01772F863E3}.Release|Any CPU.ActiveCfg = Release|Any CPU
		{D53EC302-8E28-4D61-9C6C-B01772F863E3}.Release|Any CPU.Build.0 = Release|Any CPU
		{D53EC302-8E28-4D61-9C6C-B01772F863E3}.Release|iPhone.ActiveCfg = Release|Any CPU
		{D53EC302-8E28-4D61-9C6C-B01772F863E3}.Release|iPhone.Build.0 = Release|Any CPU
		{D53EC302-8E28-4D61-9C6C-B01772F863E3}.Release|iPhoneSimulator.ActiveCfg = Release|Any CPU
		{D53EC302-8E28-4D61-9C6C-B01772F863E3}.Release|iPhoneSimulator.Build.0 = Release|Any CPU
		{D53EC302-8E28-4D61-9C6C-B01772F863E3}.Release|x64.ActiveCfg = Release|Any CPU
		{D53EC302-8E28-4D61-9C6C-B01772F863E3}.Release|x64.Build.0 = Release|Any CPU
		{D53EC302-8E28-4D61-9C6C-B01772F863E3}.Release|x86.ActiveCfg = Release|Any CPU
		{D53EC302-8E28-4D61-9C6C-B01772F863E3}.Release|x86.Build.0 = Release|Any CPU
		{D53EC302-8E28-4D61-9C6C-B01772F863E3}.RelWithDebInfo|Any CPU.ActiveCfg = Release|Any CPU
		{D53EC302-8E28-4D61-9C6C-B01772F863E3}.RelWithDebInfo|Any CPU.Build.0 = Release|Any CPU
		{D53EC302-8E28-4D61-9C6C-B01772F863E3}.RelWithDebInfo|iPhone.ActiveCfg = Release|Any CPU
		{D53EC302-8E28-4D61-9C6C-B01772F863E3}.RelWithDebInfo|iPhone.Build.0 = Release|Any CPU
		{D53EC302-8E28-4D61-9C6C-B01772F863E3}.RelWithDebInfo|iPhoneSimulator.ActiveCfg = Release|Any CPU
		{D53EC302-8E28-4D61-9C6C-B01772F863E3}.RelWithDebInfo|iPhoneSimulator.Build.0 = Release|Any CPU
		{D53EC302-8E28-4D61-9C6C-B01772F863E3}.RelWithDebInfo|x64.ActiveCfg = Release|Any CPU
		{D53EC302-8E28-4D61-9C6C-B01772F863E3}.RelWithDebInfo|x64.Build.0 = Release|Any CPU
		{D53EC302-8E28-4D61-9C6C-B01772F863E3}.RelWithDebInfo|x86.ActiveCfg = Release|Any CPU
		{D53EC302-8E28-4D61-9C6C-B01772F863E3}.RelWithDebInfo|x86.Build.0 = Release|Any CPU
		{6870BD0A-8ECA-4989-B5CA-239A7FB4BF24}.Debug|Any CPU.ActiveCfg = Debug|Any CPU
		{6870BD0A-8ECA-4989-B5CA-239A7FB4BF24}.Debug|Any CPU.Build.0 = Debug|Any CPU
		{6870BD0A-8ECA-4989-B5CA-239A7FB4BF24}.Debug|Any CPU.Deploy.0 = Debug|Any CPU
		{6870BD0A-8ECA-4989-B5CA-239A7FB4BF24}.Debug|iPhone.ActiveCfg = Debug|Any CPU
		{6870BD0A-8ECA-4989-B5CA-239A7FB4BF24}.Debug|iPhone.Build.0 = Debug|Any CPU
		{6870BD0A-8ECA-4989-B5CA-239A7FB4BF24}.Debug|iPhone.Deploy.0 = Debug|Any CPU
		{6870BD0A-8ECA-4989-B5CA-239A7FB4BF24}.Debug|iPhoneSimulator.ActiveCfg = Debug|Any CPU
		{6870BD0A-8ECA-4989-B5CA-239A7FB4BF24}.Debug|iPhoneSimulator.Build.0 = Debug|Any CPU
		{6870BD0A-8ECA-4989-B5CA-239A7FB4BF24}.Debug|iPhoneSimulator.Deploy.0 = Debug|Any CPU
		{6870BD0A-8ECA-4989-B5CA-239A7FB4BF24}.Debug|x64.ActiveCfg = Debug|Any CPU
		{6870BD0A-8ECA-4989-B5CA-239A7FB4BF24}.Debug|x64.Build.0 = Debug|Any CPU
		{6870BD0A-8ECA-4989-B5CA-239A7FB4BF24}.Debug|x64.Deploy.0 = Debug|Any CPU
		{6870BD0A-8ECA-4989-B5CA-239A7FB4BF24}.Debug|x86.ActiveCfg = Debug|Any CPU
		{6870BD0A-8ECA-4989-B5CA-239A7FB4BF24}.Debug|x86.Build.0 = Debug|Any CPU
		{6870BD0A-8ECA-4989-B5CA-239A7FB4BF24}.Debug|x86.Deploy.0 = Debug|Any CPU
		{6870BD0A-8ECA-4989-B5CA-239A7FB4BF24}.MinSizeRel|Any CPU.ActiveCfg = Release|Any CPU
		{6870BD0A-8ECA-4989-B5CA-239A7FB4BF24}.MinSizeRel|Any CPU.Build.0 = Release|Any CPU
		{6870BD0A-8ECA-4989-B5CA-239A7FB4BF24}.MinSizeRel|Any CPU.Deploy.0 = Release|Any CPU
		{6870BD0A-8ECA-4989-B5CA-239A7FB4BF24}.MinSizeRel|iPhone.ActiveCfg = Release|Any CPU
		{6870BD0A-8ECA-4989-B5CA-239A7FB4BF24}.MinSizeRel|iPhone.Build.0 = Release|Any CPU
		{6870BD0A-8ECA-4989-B5CA-239A7FB4BF24}.MinSizeRel|iPhone.Deploy.0 = Release|Any CPU
		{6870BD0A-8ECA-4989-B5CA-239A7FB4BF24}.MinSizeRel|iPhoneSimulator.ActiveCfg = Release|Any CPU
		{6870BD0A-8ECA-4989-B5CA-239A7FB4BF24}.MinSizeRel|iPhoneSimulator.Build.0 = Release|Any CPU
		{6870BD0A-8ECA-4989-B5CA-239A7FB4BF24}.MinSizeRel|iPhoneSimulator.Deploy.0 = Release|Any CPU
		{6870BD0A-8ECA-4989-B5CA-239A7FB4BF24}.MinSizeRel|x64.ActiveCfg = Release|Any CPU
		{6870BD0A-8ECA-4989-B5CA-239A7FB4BF24}.MinSizeRel|x64.Build.0 = Release|Any CPU
		{6870BD0A-8ECA-4989-B5CA-239A7FB4BF24}.MinSizeRel|x64.Deploy.0 = Release|Any CPU
		{6870BD0A-8ECA-4989-B5CA-239A7FB4BF24}.MinSizeRel|x86.ActiveCfg = Release|Any CPU
		{6870BD0A-8ECA-4989-B5CA-239A7FB4BF24}.MinSizeRel|x86.Build.0 = Release|Any CPU
		{6870BD0A-8ECA-4989-B5CA-239A7FB4BF24}.MinSizeRel|x86.Deploy.0 = Release|Any CPU
		{6870BD0A-8ECA-4989-B5CA-239A7FB4BF24}.Release|Any CPU.ActiveCfg = Release|Any CPU
		{6870BD0A-8ECA-4989-B5CA-239A7FB4BF24}.Release|Any CPU.Build.0 = Release|Any CPU
		{6870BD0A-8ECA-4989-B5CA-239A7FB4BF24}.Release|Any CPU.Deploy.0 = Release|Any CPU
		{6870BD0A-8ECA-4989-B5CA-239A7FB4BF24}.Release|iPhone.ActiveCfg = Release|Any CPU
		{6870BD0A-8ECA-4989-B5CA-239A7FB4BF24}.Release|iPhone.Build.0 = Release|Any CPU
		{6870BD0A-8ECA-4989-B5CA-239A7FB4BF24}.Release|iPhone.Deploy.0 = Release|Any CPU
		{6870BD0A-8ECA-4989-B5CA-239A7FB4BF24}.Release|iPhoneSimulator.ActiveCfg = Release|Any CPU
		{6870BD0A-8ECA-4989-B5CA-239A7FB4BF24}.Release|iPhoneSimulator.Build.0 = Release|Any CPU
		{6870BD0A-8ECA-4989-B5CA-239A7FB4BF24}.Release|iPhoneSimulator.Deploy.0 = Release|Any CPU
		{6870BD0A-8ECA-4989-B5CA-239A7FB4BF24}.Release|x64.ActiveCfg = Release|Any CPU
		{6870BD0A-8ECA-4989-B5CA-239A7FB4BF24}.Release|x64.Build.0 = Release|Any CPU
		{6870BD0A-8ECA-4989-B5CA-239A7FB4BF24}.Release|x64.Deploy.0 = Release|Any CPU
		{6870BD0A-8ECA-4989-B5CA-239A7FB4BF24}.Release|x86.ActiveCfg = Release|Any CPU
		{6870BD0A-8ECA-4989-B5CA-239A7FB4BF24}.Release|x86.Build.0 = Release|Any CPU
		{6870BD0A-8ECA-4989-B5CA-239A7FB4BF24}.Release|x86.Deploy.0 = Release|Any CPU
		{6870BD0A-8ECA-4989-B5CA-239A7FB4BF24}.RelWithDebInfo|Any CPU.ActiveCfg = Release|Any CPU
		{6870BD0A-8ECA-4989-B5CA-239A7FB4BF24}.RelWithDebInfo|Any CPU.Build.0 = Release|Any CPU
		{6870BD0A-8ECA-4989-B5CA-239A7FB4BF24}.RelWithDebInfo|Any CPU.Deploy.0 = Release|Any CPU
		{6870BD0A-8ECA-4989-B5CA-239A7FB4BF24}.RelWithDebInfo|iPhone.ActiveCfg = Release|Any CPU
		{6870BD0A-8ECA-4989-B5CA-239A7FB4BF24}.RelWithDebInfo|iPhone.Build.0 = Release|Any CPU
		{6870BD0A-8ECA-4989-B5CA-239A7FB4BF24}.RelWithDebInfo|iPhone.Deploy.0 = Release|Any CPU
		{6870BD0A-8ECA-4989-B5CA-239A7FB4BF24}.RelWithDebInfo|iPhoneSimulator.ActiveCfg = Release|Any CPU
		{6870BD0A-8ECA-4989-B5CA-239A7FB4BF24}.RelWithDebInfo|iPhoneSimulator.Build.0 = Release|Any CPU
		{6870BD0A-8ECA-4989-B5CA-239A7FB4BF24}.RelWithDebInfo|iPhoneSimulator.Deploy.0 = Release|Any CPU
		{6870BD0A-8ECA-4989-B5CA-239A7FB4BF24}.RelWithDebInfo|x64.ActiveCfg = Release|Any CPU
		{6870BD0A-8ECA-4989-B5CA-239A7FB4BF24}.RelWithDebInfo|x64.Build.0 = Release|Any CPU
		{6870BD0A-8ECA-4989-B5CA-239A7FB4BF24}.RelWithDebInfo|x64.Deploy.0 = Release|Any CPU
		{6870BD0A-8ECA-4989-B5CA-239A7FB4BF24}.RelWithDebInfo|x86.ActiveCfg = Release|Any CPU
		{6870BD0A-8ECA-4989-B5CA-239A7FB4BF24}.RelWithDebInfo|x86.Build.0 = Release|Any CPU
		{6870BD0A-8ECA-4989-B5CA-239A7FB4BF24}.RelWithDebInfo|x86.Deploy.0 = Release|Any CPU
		{C4ABA435-5BB7-423A-94FC-167543AC0AF2}.Debug|Any CPU.ActiveCfg = Debug|Any CPU
		{C4ABA435-5BB7-423A-94FC-167543AC0AF2}.Debug|Any CPU.Build.0 = Debug|Any CPU
		{C4ABA435-5BB7-423A-94FC-167543AC0AF2}.Debug|iPhone.ActiveCfg = Debug|Any CPU
		{C4ABA435-5BB7-423A-94FC-167543AC0AF2}.Debug|iPhone.Build.0 = Debug|Any CPU
		{C4ABA435-5BB7-423A-94FC-167543AC0AF2}.Debug|iPhoneSimulator.ActiveCfg = Debug|Any CPU
		{C4ABA435-5BB7-423A-94FC-167543AC0AF2}.Debug|iPhoneSimulator.Build.0 = Debug|Any CPU
		{C4ABA435-5BB7-423A-94FC-167543AC0AF2}.Debug|x64.ActiveCfg = Debug|Any CPU
		{C4ABA435-5BB7-423A-94FC-167543AC0AF2}.Debug|x64.Build.0 = Debug|Any CPU
		{C4ABA435-5BB7-423A-94FC-167543AC0AF2}.Debug|x86.ActiveCfg = Debug|Any CPU
		{C4ABA435-5BB7-423A-94FC-167543AC0AF2}.Debug|x86.Build.0 = Debug|Any CPU
		{C4ABA435-5BB7-423A-94FC-167543AC0AF2}.MinSizeRel|Any CPU.ActiveCfg = Debug|Any CPU
		{C4ABA435-5BB7-423A-94FC-167543AC0AF2}.MinSizeRel|Any CPU.Build.0 = Debug|Any CPU
		{C4ABA435-5BB7-423A-94FC-167543AC0AF2}.MinSizeRel|iPhone.ActiveCfg = Debug|Any CPU
		{C4ABA435-5BB7-423A-94FC-167543AC0AF2}.MinSizeRel|iPhone.Build.0 = Debug|Any CPU
		{C4ABA435-5BB7-423A-94FC-167543AC0AF2}.MinSizeRel|iPhoneSimulator.ActiveCfg = Debug|Any CPU
		{C4ABA435-5BB7-423A-94FC-167543AC0AF2}.MinSizeRel|iPhoneSimulator.Build.0 = Debug|Any CPU
		{C4ABA435-5BB7-423A-94FC-167543AC0AF2}.MinSizeRel|x64.ActiveCfg = Debug|Any CPU
		{C4ABA435-5BB7-423A-94FC-167543AC0AF2}.MinSizeRel|x64.Build.0 = Debug|Any CPU
		{C4ABA435-5BB7-423A-94FC-167543AC0AF2}.MinSizeRel|x86.ActiveCfg = Release|Any CPU
		{C4ABA435-5BB7-423A-94FC-167543AC0AF2}.MinSizeRel|x86.Build.0 = Release|Any CPU
		{C4ABA435-5BB7-423A-94FC-167543AC0AF2}.Release|Any CPU.ActiveCfg = Release|Any CPU
		{C4ABA435-5BB7-423A-94FC-167543AC0AF2}.Release|Any CPU.Build.0 = Release|Any CPU
		{C4ABA435-5BB7-423A-94FC-167543AC0AF2}.Release|iPhone.ActiveCfg = Release|Any CPU
		{C4ABA435-5BB7-423A-94FC-167543AC0AF2}.Release|iPhone.Build.0 = Release|Any CPU
		{C4ABA435-5BB7-423A-94FC-167543AC0AF2}.Release|iPhoneSimulator.ActiveCfg = Release|Any CPU
		{C4ABA435-5BB7-423A-94FC-167543AC0AF2}.Release|iPhoneSimulator.Build.0 = Release|Any CPU
		{C4ABA435-5BB7-423A-94FC-167543AC0AF2}.Release|x64.ActiveCfg = Release|Any CPU
		{C4ABA435-5BB7-423A-94FC-167543AC0AF2}.Release|x64.Build.0 = Release|Any CPU
		{C4ABA435-5BB7-423A-94FC-167543AC0AF2}.Release|x86.ActiveCfg = Release|Any CPU
		{C4ABA435-5BB7-423A-94FC-167543AC0AF2}.Release|x86.Build.0 = Release|Any CPU
		{C4ABA435-5BB7-423A-94FC-167543AC0AF2}.RelWithDebInfo|Any CPU.ActiveCfg = Release|Any CPU
		{C4ABA435-5BB7-423A-94FC-167543AC0AF2}.RelWithDebInfo|Any CPU.Build.0 = Release|Any CPU
		{C4ABA435-5BB7-423A-94FC-167543AC0AF2}.RelWithDebInfo|iPhone.ActiveCfg = Release|Any CPU
		{C4ABA435-5BB7-423A-94FC-167543AC0AF2}.RelWithDebInfo|iPhone.Build.0 = Release|Any CPU
		{C4ABA435-5BB7-423A-94FC-167543AC0AF2}.RelWithDebInfo|iPhoneSimulator.ActiveCfg = Release|Any CPU
		{C4ABA435-5BB7-423A-94FC-167543AC0AF2}.RelWithDebInfo|iPhoneSimulator.Build.0 = Release|Any CPU
		{C4ABA435-5BB7-423A-94FC-167543AC0AF2}.RelWithDebInfo|x64.ActiveCfg = Release|Any CPU
		{C4ABA435-5BB7-423A-94FC-167543AC0AF2}.RelWithDebInfo|x64.Build.0 = Release|Any CPU
		{C4ABA435-5BB7-423A-94FC-167543AC0AF2}.RelWithDebInfo|x86.ActiveCfg = Release|Any CPU
		{C4ABA435-5BB7-423A-94FC-167543AC0AF2}.RelWithDebInfo|x86.Build.0 = Release|Any CPU
		{83E317E7-896B-3572-BC62-B87413B6E7B9}.Debug|Any CPU.ActiveCfg = Debug|Win32
		{83E317E7-896B-3572-BC62-B87413B6E7B9}.Debug|iPhone.ActiveCfg = Debug|Win32
		{83E317E7-896B-3572-BC62-B87413B6E7B9}.Debug|iPhoneSimulator.ActiveCfg = Debug|Win32
		{83E317E7-896B-3572-BC62-B87413B6E7B9}.Debug|x64.ActiveCfg = Debug|Win32
		{83E317E7-896B-3572-BC62-B87413B6E7B9}.Debug|x86.ActiveCfg = Debug|Win32
		{83E317E7-896B-3572-BC62-B87413B6E7B9}.Debug|x86.Build.0 = Debug|Win32
		{83E317E7-896B-3572-BC62-B87413B6E7B9}.MinSizeRel|Any CPU.ActiveCfg = MinSizeRel|Win32
		{83E317E7-896B-3572-BC62-B87413B6E7B9}.MinSizeRel|iPhone.ActiveCfg = MinSizeRel|Win32
		{83E317E7-896B-3572-BC62-B87413B6E7B9}.MinSizeRel|iPhoneSimulator.ActiveCfg = MinSizeRel|Win32
		{83E317E7-896B-3572-BC62-B87413B6E7B9}.MinSizeRel|x64.ActiveCfg = MinSizeRel|Win32
		{83E317E7-896B-3572-BC62-B87413B6E7B9}.MinSizeRel|x86.ActiveCfg = MinSizeRel|Win32
		{83E317E7-896B-3572-BC62-B87413B6E7B9}.MinSizeRel|x86.Build.0 = MinSizeRel|Win32
		{83E317E7-896B-3572-BC62-B87413B6E7B9}.Release|Any CPU.ActiveCfg = Release|Win32
		{83E317E7-896B-3572-BC62-B87413B6E7B9}.Release|iPhone.ActiveCfg = Release|Win32
		{83E317E7-896B-3572-BC62-B87413B6E7B9}.Release|iPhoneSimulator.ActiveCfg = Release|Win32
		{83E317E7-896B-3572-BC62-B87413B6E7B9}.Release|x64.ActiveCfg = Release|Win32
		{83E317E7-896B-3572-BC62-B87413B6E7B9}.Release|x86.ActiveCfg = Release|Win32
		{83E317E7-896B-3572-BC62-B87413B6E7B9}.Release|x86.Build.0 = Release|Win32
		{83E317E7-896B-3572-BC62-B87413B6E7B9}.RelWithDebInfo|Any CPU.ActiveCfg = RelWithDebInfo|Win32
		{83E317E7-896B-3572-BC62-B87413B6E7B9}.RelWithDebInfo|iPhone.ActiveCfg = RelWithDebInfo|Win32
		{83E317E7-896B-3572-BC62-B87413B6E7B9}.RelWithDebInfo|iPhoneSimulator.ActiveCfg = RelWithDebInfo|Win32
		{83E317E7-896B-3572-BC62-B87413B6E7B9}.RelWithDebInfo|x64.ActiveCfg = RelWithDebInfo|Win32
		{83E317E7-896B-3572-BC62-B87413B6E7B9}.RelWithDebInfo|x86.ActiveCfg = RelWithDebInfo|Win32
		{83E317E7-896B-3572-BC62-B87413B6E7B9}.RelWithDebInfo|x86.Build.0 = RelWithDebInfo|Win32
		{5F74A6FE-2F15-30FF-A3EC-57929CB2FCF8}.Debug|Any CPU.ActiveCfg = Debug|Win32
		{5F74A6FE-2F15-30FF-A3EC-57929CB2FCF8}.Debug|iPhone.ActiveCfg = Debug|Win32
		{5F74A6FE-2F15-30FF-A3EC-57929CB2FCF8}.Debug|iPhoneSimulator.ActiveCfg = Debug|Win32
		{5F74A6FE-2F15-30FF-A3EC-57929CB2FCF8}.Debug|x64.ActiveCfg = Debug|Win32
		{5F74A6FE-2F15-30FF-A3EC-57929CB2FCF8}.Debug|x86.ActiveCfg = Debug|Win32
		{5F74A6FE-2F15-30FF-A3EC-57929CB2FCF8}.Debug|x86.Build.0 = Debug|Win32
		{5F74A6FE-2F15-30FF-A3EC-57929CB2FCF8}.MinSizeRel|Any CPU.ActiveCfg = MinSizeRel|Win32
		{5F74A6FE-2F15-30FF-A3EC-57929CB2FCF8}.MinSizeRel|iPhone.ActiveCfg = MinSizeRel|Win32
		{5F74A6FE-2F15-30FF-A3EC-57929CB2FCF8}.MinSizeRel|iPhoneSimulator.ActiveCfg = MinSizeRel|Win32
		{5F74A6FE-2F15-30FF-A3EC-57929CB2FCF8}.MinSizeRel|x64.ActiveCfg = MinSizeRel|Win32
		{5F74A6FE-2F15-30FF-A3EC-57929CB2FCF8}.MinSizeRel|x86.ActiveCfg = MinSizeRel|Win32
		{5F74A6FE-2F15-30FF-A3EC-57929CB2FCF8}.MinSizeRel|x86.Build.0 = MinSizeRel|Win32
		{5F74A6FE-2F15-30FF-A3EC-57929CB2FCF8}.Release|Any CPU.ActiveCfg = Release|Win32
		{5F74A6FE-2F15-30FF-A3EC-57929CB2FCF8}.Release|iPhone.ActiveCfg = Release|Win32
		{5F74A6FE-2F15-30FF-A3EC-57929CB2FCF8}.Release|iPhoneSimulator.ActiveCfg = Release|Win32
		{5F74A6FE-2F15-30FF-A3EC-57929CB2FCF8}.Release|x64.ActiveCfg = Release|Win32
		{5F74A6FE-2F15-30FF-A3EC-57929CB2FCF8}.Release|x86.ActiveCfg = Release|Win32
		{5F74A6FE-2F15-30FF-A3EC-57929CB2FCF8}.Release|x86.Build.0 = Release|Win32
		{5F74A6FE-2F15-30FF-A3EC-57929CB2FCF8}.RelWithDebInfo|Any CPU.ActiveCfg = RelWithDebInfo|Win32
		{5F74A6FE-2F15-30FF-A3EC-57929CB2FCF8}.RelWithDebInfo|iPhone.ActiveCfg = RelWithDebInfo|Win32
		{5F74A6FE-2F15-30FF-A3EC-57929CB2FCF8}.RelWithDebInfo|iPhoneSimulator.ActiveCfg = RelWithDebInfo|Win32
		{5F74A6FE-2F15-30FF-A3EC-57929CB2FCF8}.RelWithDebInfo|x64.ActiveCfg = RelWithDebInfo|Win32
		{5F74A6FE-2F15-30FF-A3EC-57929CB2FCF8}.RelWithDebInfo|x86.ActiveCfg = RelWithDebInfo|Win32
		{5F74A6FE-2F15-30FF-A3EC-57929CB2FCF8}.RelWithDebInfo|x86.Build.0 = RelWithDebInfo|Win32
		{0E5E8DB4-C245-3FA4-A3B8-D9B33AA5AC78}.Debug|Any CPU.ActiveCfg = Debug|Win32
		{0E5E8DB4-C245-3FA4-A3B8-D9B33AA5AC78}.Debug|iPhone.ActiveCfg = Debug|Win32
		{0E5E8DB4-C245-3FA4-A3B8-D9B33AA5AC78}.Debug|iPhoneSimulator.ActiveCfg = Debug|Win32
		{0E5E8DB4-C245-3FA4-A3B8-D9B33AA5AC78}.Debug|x64.ActiveCfg = Debug|Win32
		{0E5E8DB4-C245-3FA4-A3B8-D9B33AA5AC78}.Debug|x86.ActiveCfg = Debug|Win32
		{0E5E8DB4-C245-3FA4-A3B8-D9B33AA5AC78}.Debug|x86.Build.0 = Debug|Win32
		{0E5E8DB4-C245-3FA4-A3B8-D9B33AA5AC78}.MinSizeRel|Any CPU.ActiveCfg = MinSizeRel|Win32
		{0E5E8DB4-C245-3FA4-A3B8-D9B33AA5AC78}.MinSizeRel|iPhone.ActiveCfg = MinSizeRel|Win32
		{0E5E8DB4-C245-3FA4-A3B8-D9B33AA5AC78}.MinSizeRel|iPhoneSimulator.ActiveCfg = MinSizeRel|Win32
		{0E5E8DB4-C245-3FA4-A3B8-D9B33AA5AC78}.MinSizeRel|x64.ActiveCfg = MinSizeRel|Win32
		{0E5E8DB4-C245-3FA4-A3B8-D9B33AA5AC78}.MinSizeRel|x86.ActiveCfg = MinSizeRel|Win32
		{0E5E8DB4-C245-3FA4-A3B8-D9B33AA5AC78}.MinSizeRel|x86.Build.0 = MinSizeRel|Win32
		{0E5E8DB4-C245-3FA4-A3B8-D9B33AA5AC78}.Release|Any CPU.ActiveCfg = Release|Win32
		{0E5E8DB4-C245-3FA4-A3B8-D9B33AA5AC78}.Release|iPhone.ActiveCfg = Release|Win32
		{0E5E8DB4-C245-3FA4-A3B8-D9B33AA5AC78}.Release|iPhoneSimulator.ActiveCfg = Release|Win32
		{0E5E8DB4-C245-3FA4-A3B8-D9B33AA5AC78}.Release|x64.ActiveCfg = Release|Win32
		{0E5E8DB4-C245-3FA4-A3B8-D9B33AA5AC78}.Release|x86.ActiveCfg = Release|Win32
		{0E5E8DB4-C245-3FA4-A3B8-D9B33AA5AC78}.Release|x86.Build.0 = Release|Win32
		{0E5E8DB4-C245-3FA4-A3B8-D9B33AA5AC78}.RelWithDebInfo|Any CPU.ActiveCfg = RelWithDebInfo|Win32
		{0E5E8DB4-C245-3FA4-A3B8-D9B33AA5AC78}.RelWithDebInfo|iPhone.ActiveCfg = RelWithDebInfo|Win32
		{0E5E8DB4-C245-3FA4-A3B8-D9B33AA5AC78}.RelWithDebInfo|iPhoneSimulator.ActiveCfg = RelWithDebInfo|Win32
		{0E5E8DB4-C245-3FA4-A3B8-D9B33AA5AC78}.RelWithDebInfo|x64.ActiveCfg = RelWithDebInfo|Win32
		{0E5E8DB4-C245-3FA4-A3B8-D9B33AA5AC78}.RelWithDebInfo|x86.ActiveCfg = RelWithDebInfo|Win32
		{0E5E8DB4-C245-3FA4-A3B8-D9B33AA5AC78}.RelWithDebInfo|x86.Build.0 = RelWithDebInfo|Win32
		{F8685C60-965D-379C-8175-2A10FF53E8C4}.Debug|Any CPU.ActiveCfg = Debug|x64
		{F8685C60-965D-379C-8175-2A10FF53E8C4}.Debug|iPhone.ActiveCfg = Debug|x64
		{F8685C60-965D-379C-8175-2A10FF53E8C4}.Debug|iPhoneSimulator.ActiveCfg = Debug|x64
		{F8685C60-965D-379C-8175-2A10FF53E8C4}.Debug|x64.ActiveCfg = Debug|x64
		{F8685C60-965D-379C-8175-2A10FF53E8C4}.Debug|x64.Build.0 = Debug|x64
		{F8685C60-965D-379C-8175-2A10FF53E8C4}.Debug|x86.ActiveCfg = Debug|x64
		{F8685C60-965D-379C-8175-2A10FF53E8C4}.MinSizeRel|Any CPU.ActiveCfg = MinSizeRel|x64
		{F8685C60-965D-379C-8175-2A10FF53E8C4}.MinSizeRel|iPhone.ActiveCfg = MinSizeRel|x64
		{F8685C60-965D-379C-8175-2A10FF53E8C4}.MinSizeRel|iPhoneSimulator.ActiveCfg = MinSizeRel|x64
		{F8685C60-965D-379C-8175-2A10FF53E8C4}.MinSizeRel|x64.ActiveCfg = MinSizeRel|x64
		{F8685C60-965D-379C-8175-2A10FF53E8C4}.MinSizeRel|x64.Build.0 = MinSizeRel|x64
		{F8685C60-965D-379C-8175-2A10FF53E8C4}.MinSizeRel|x86.ActiveCfg = MinSizeRel|x64
		{F8685C60-965D-379C-8175-2A10FF53E8C4}.Release|Any CPU.ActiveCfg = Release|x64
		{F8685C60-965D-379C-8175-2A10FF53E8C4}.Release|iPhone.ActiveCfg = Release|x64
		{F8685C60-965D-379C-8175-2A10FF53E8C4}.Release|iPhoneSimulator.ActiveCfg = Release|x64
		{F8685C60-965D-379C-8175-2A10FF53E8C4}.Release|x64.ActiveCfg = Release|x64
		{F8685C60-965D-379C-8175-2A10FF53E8C4}.Release|x64.Build.0 = Release|x64
		{F8685C60-965D-379C-8175-2A10FF53E8C4}.Release|x86.ActiveCfg = Release|x64
		{F8685C60-965D-379C-8175-2A10FF53E8C4}.RelWithDebInfo|Any CPU.ActiveCfg = RelWithDebInfo|x64
		{F8685C60-965D-379C-8175-2A10FF53E8C4}.RelWithDebInfo|iPhone.ActiveCfg = RelWithDebInfo|x64
		{F8685C60-965D-379C-8175-2A10FF53E8C4}.RelWithDebInfo|iPhoneSimulator.ActiveCfg = RelWithDebInfo|x64
		{F8685C60-965D-379C-8175-2A10FF53E8C4}.RelWithDebInfo|x64.ActiveCfg = RelWithDebInfo|x64
		{F8685C60-965D-379C-8175-2A10FF53E8C4}.RelWithDebInfo|x64.Build.0 = RelWithDebInfo|x64
		{F8685C60-965D-379C-8175-2A10FF53E8C4}.RelWithDebInfo|x86.ActiveCfg = RelWithDebInfo|x64
		{FEFB71C7-E8AC-3259-9731-474D3E74F874}.Debug|Any CPU.ActiveCfg = Debug|x64
		{FEFB71C7-E8AC-3259-9731-474D3E74F874}.Debug|iPhone.ActiveCfg = Debug|x64
		{FEFB71C7-E8AC-3259-9731-474D3E74F874}.Debug|iPhoneSimulator.ActiveCfg = Debug|x64
		{FEFB71C7-E8AC-3259-9731-474D3E74F874}.Debug|x64.ActiveCfg = Debug|x64
		{FEFB71C7-E8AC-3259-9731-474D3E74F874}.Debug|x64.Build.0 = Debug|x64
		{FEFB71C7-E8AC-3259-9731-474D3E74F874}.Debug|x86.ActiveCfg = Debug|x64
		{FEFB71C7-E8AC-3259-9731-474D3E74F874}.MinSizeRel|Any CPU.ActiveCfg = MinSizeRel|x64
		{FEFB71C7-E8AC-3259-9731-474D3E74F874}.MinSizeRel|iPhone.ActiveCfg = MinSizeRel|x64
		{FEFB71C7-E8AC-3259-9731-474D3E74F874}.MinSizeRel|iPhoneSimulator.ActiveCfg = MinSizeRel|x64
		{FEFB71C7-E8AC-3259-9731-474D3E74F874}.MinSizeRel|x64.ActiveCfg = MinSizeRel|x64
		{FEFB71C7-E8AC-3259-9731-474D3E74F874}.MinSizeRel|x64.Build.0 = MinSizeRel|x64
		{FEFB71C7-E8AC-3259-9731-474D3E74F874}.MinSizeRel|x86.ActiveCfg = MinSizeRel|x64
		{FEFB71C7-E8AC-3259-9731-474D3E74F874}.Release|Any CPU.ActiveCfg = Release|x64
		{FEFB71C7-E8AC-3259-9731-474D3E74F874}.Release|iPhone.ActiveCfg = Release|x64
		{FEFB71C7-E8AC-3259-9731-474D3E74F874}.Release|iPhoneSimulator.ActiveCfg = Release|x64
		{FEFB71C7-E8AC-3259-9731-474D3E74F874}.Release|x64.ActiveCfg = Release|x64
		{FEFB71C7-E8AC-3259-9731-474D3E74F874}.Release|x64.Build.0 = Release|x64
		{FEFB71C7-E8AC-3259-9731-474D3E74F874}.Release|x86.ActiveCfg = Release|x64
		{FEFB71C7-E8AC-3259-9731-474D3E74F874}.RelWithDebInfo|Any CPU.ActiveCfg = RelWithDebInfo|x64
		{FEFB71C7-E8AC-3259-9731-474D3E74F874}.RelWithDebInfo|iPhone.ActiveCfg = RelWithDebInfo|x64
		{FEFB71C7-E8AC-3259-9731-474D3E74F874}.RelWithDebInfo|iPhoneSimulator.ActiveCfg = RelWithDebInfo|x64
		{FEFB71C7-E8AC-3259-9731-474D3E74F874}.RelWithDebInfo|x64.ActiveCfg = RelWithDebInfo|x64
		{FEFB71C7-E8AC-3259-9731-474D3E74F874}.RelWithDebInfo|x64.Build.0 = RelWithDebInfo|x64
		{FEFB71C7-E8AC-3259-9731-474D3E74F874}.RelWithDebInfo|x86.ActiveCfg = RelWithDebInfo|x64
		{F30E9FF2-F3B4-3189-9C93-D186E7E38674}.Debug|Any CPU.ActiveCfg = Debug|x64
		{F30E9FF2-F3B4-3189-9C93-D186E7E38674}.Debug|iPhone.ActiveCfg = Debug|x64
		{F30E9FF2-F3B4-3189-9C93-D186E7E38674}.Debug|iPhoneSimulator.ActiveCfg = Debug|x64
		{F30E9FF2-F3B4-3189-9C93-D186E7E38674}.Debug|x64.ActiveCfg = Debug|x64
		{F30E9FF2-F3B4-3189-9C93-D186E7E38674}.Debug|x64.Build.0 = Debug|x64
		{F30E9FF2-F3B4-3189-9C93-D186E7E38674}.Debug|x86.ActiveCfg = Debug|x64
		{F30E9FF2-F3B4-3189-9C93-D186E7E38674}.MinSizeRel|Any CPU.ActiveCfg = MinSizeRel|x64
		{F30E9FF2-F3B4-3189-9C93-D186E7E38674}.MinSizeRel|iPhone.ActiveCfg = MinSizeRel|x64
		{F30E9FF2-F3B4-3189-9C93-D186E7E38674}.MinSizeRel|iPhoneSimulator.ActiveCfg = MinSizeRel|x64
		{F30E9FF2-F3B4-3189-9C93-D186E7E38674}.MinSizeRel|x64.ActiveCfg = MinSizeRel|x64
		{F30E9FF2-F3B4-3189-9C93-D186E7E38674}.MinSizeRel|x64.Build.0 = MinSizeRel|x64
		{F30E9FF2-F3B4-3189-9C93-D186E7E38674}.MinSizeRel|x86.ActiveCfg = MinSizeRel|x64
		{F30E9FF2-F3B4-3189-9C93-D186E7E38674}.Release|Any CPU.ActiveCfg = Release|x64
		{F30E9FF2-F3B4-3189-9C93-D186E7E38674}.Release|iPhone.ActiveCfg = Release|x64
		{F30E9FF2-F3B4-3189-9C93-D186E7E38674}.Release|iPhoneSimulator.ActiveCfg = Release|x64
		{F30E9FF2-F3B4-3189-9C93-D186E7E38674}.Release|x64.ActiveCfg = Release|x64
		{F30E9FF2-F3B4-3189-9C93-D186E7E38674}.Release|x64.Build.0 = Release|x64
		{F30E9FF2-F3B4-3189-9C93-D186E7E38674}.Release|x86.ActiveCfg = Release|x64
		{F30E9FF2-F3B4-3189-9C93-D186E7E38674}.RelWithDebInfo|Any CPU.ActiveCfg = RelWithDebInfo|x64
		{F30E9FF2-F3B4-3189-9C93-D186E7E38674}.RelWithDebInfo|iPhone.ActiveCfg = RelWithDebInfo|x64
		{F30E9FF2-F3B4-3189-9C93-D186E7E38674}.RelWithDebInfo|iPhoneSimulator.ActiveCfg = RelWithDebInfo|x64
		{F30E9FF2-F3B4-3189-9C93-D186E7E38674}.RelWithDebInfo|x64.ActiveCfg = RelWithDebInfo|x64
		{F30E9FF2-F3B4-3189-9C93-D186E7E38674}.RelWithDebInfo|x64.Build.0 = RelWithDebInfo|x64
		{F30E9FF2-F3B4-3189-9C93-D186E7E38674}.RelWithDebInfo|x86.ActiveCfg = RelWithDebInfo|x64
	EndGlobalSection
	GlobalSection(SolutionProperties) = preSolution
		HideSolutionNode = FALSE
	EndGlobalSection
	GlobalSection(NestedProjects) = preSolution
		{24B7B3C4-958A-4559-BF5E-3E7FE6604EC9} = {88F15A63-FDCE-45CB-B838-09A84FD69CF8}
		{196C67E9-3E9E-4D57-B977-11BF00073FC9} = {88F15A63-FDCE-45CB-B838-09A84FD69CF8}
		{581141F6-5522-4B66-8404-4C376F42FB5C} = {E6BEDD0C-8DC3-41F4-8FE9-B5E424D26363}
		{BA247A5F-A935-47F7-BEFF-3619512B64F4} = {E6BEDD0C-8DC3-41F4-8FE9-B5E424D26363}
		{C4E356A9-C221-47E1-B566-458D9C6ACB18} = {E6BEDD0C-8DC3-41F4-8FE9-B5E424D26363}
		{B2890F22-29C4-410B-9F39-40BEC6818E33} = {88F15A63-FDCE-45CB-B838-09A84FD69CF8}
		{687E10B9-7758-4E8C-B6A3-9000C5502C29} = {E6BEDD0C-8DC3-41F4-8FE9-B5E424D26363}
		{5FA920C7-EA7E-4FDA-860B-81BD19613DB6} = {E6BEDD0C-8DC3-41F4-8FE9-B5E424D26363}
		{7059EDC1-60B1-4EF6-87A2-CEF95B967DBB} = {E6BEDD0C-8DC3-41F4-8FE9-B5E424D26363}
		{D53EC302-8E28-4D61-9C6C-B01772F863E3} = {88F15A63-FDCE-45CB-B838-09A84FD69CF8}
		{6870BD0A-8ECA-4989-B5CA-239A7FB4BF24} = {88F15A63-FDCE-45CB-B838-09A84FD69CF8}
		{C4ABA435-5BB7-423A-94FC-167543AC0AF2} = {E6BEDD0C-8DC3-41F4-8FE9-B5E424D26363}
		{6DD65220-A881-481A-A787-04C7C2C608FD} = {687E10B9-7758-4E8C-B6A3-9000C5502C29}
		{300D886C-F5B9-4E7B-8618-FA31E73F5447} = {687E10B9-7758-4E8C-B6A3-9000C5502C29}
		{83E317E7-896B-3572-BC62-B87413B6E7B9} = {6DD65220-A881-481A-A787-04C7C2C608FD}
		{5F74A6FE-2F15-30FF-A3EC-57929CB2FCF8} = {6DD65220-A881-481A-A787-04C7C2C608FD}
		{0E5E8DB4-C245-3FA4-A3B8-D9B33AA5AC78} = {6DD65220-A881-481A-A787-04C7C2C608FD}
		{F8685C60-965D-379C-8175-2A10FF53E8C4} = {300D886C-F5B9-4E7B-8618-FA31E73F5447}
		{FEFB71C7-E8AC-3259-9731-474D3E74F874} = {300D886C-F5B9-4E7B-8618-FA31E73F5447}
		{F30E9FF2-F3B4-3189-9C93-D186E7E38674} = {300D886C-F5B9-4E7B-8618-FA31E73F5447}
		{38F7D1E9-A604-4CC1-96B9-73E76E4EAA6D} = {D862B5CA-88D4-486A-9863-692BB4AD2DCE}
		{6C568249-8365-4CA4-B207-914F53457471} = {33388780-DC1F-4126-96FA-8DDA89481E21}
	EndGlobalSection
	GlobalSection(ExtensibilityGlobals) = postSolution
		SolutionGuid = {0409AB77-4C94-47BD-BA7B-D574C2C618B9}
	EndGlobalSection
EndGlobal
