Microsoft Visual Studio Solution File, Format Version 12.00
# Visual Studio Version 16
VisualStudioVersion = 16.0.29806.167
MinimumVisualStudioVersion = 10.0.40219.1
Project("{FAE04EC0-301F-11D3-BF4B-00C04F79EFBC}") = "BlazorApp.Mac", "sample\BlazorApp.Mac\BlazorApp.Mac.csproj", "{24B7B3C4-958A-4559-BF5E-3E7FE6604EC9}"
EndProject
Project("{9A19103F-16F7-4668-BE54-9A1E7A4F7556}") = "BlazorApp", "sample\BlazorApp\BlazorApp.csproj", "{196C67E9-3E9E-4D57-B977-11BF00073FC9}"
EndProject
Project("{9A19103F-16F7-4668-BE54-9A1E7A4F7556}") = "WebWindow.Blazor.JS", "src\WebWindow.Blazor.JS\WebWindow.Blazor.JS.csproj", "{A64092D3-BF77-4531-88C0-2C2316D0B44F}"
EndProject
Project("{9A19103F-16F7-4668-BE54-9A1E7A4F7556}") = "BlazorWebView", "src\BlazorWebView\BlazorWebView.csproj", "{581141F6-5522-4B66-8404-4C376F42FB5C}"
EndProject
Project("{FAE04EC0-301F-11D3-BF4B-00C04F79EFBC}") = "BlazorWebView.Mac", "src\BlazorWebView.Mac\BlazorWebView.Mac.csproj", "{BA247A5F-A935-47F7-BEFF-3619512B64F4}"
EndProject
Project("{FAE04EC0-301F-11D3-BF4B-00C04F79EFBC}") = "BlazorWebView.iOS", "src\BlazorWebView.iOS\BlazorWebView.iOS.csproj", "{C4E356A9-C221-47E1-B566-458D9C6ACB18}"
EndProject
Project("{FAE04EC0-301F-11D3-BF4B-00C04F79EFBC}") = "BlazorApp.iOS", "sample\BlazorApp.iOS\BlazorApp.iOS.csproj", "{B2890F22-29C4-410B-9F39-40BEC6818E33}"
EndProject
Project("{2150E333-8FDC-42A3-9474-1A3956D46DE8}") = "src", "src", "{E6BEDD0C-8DC3-41F4-8FE9-B5E424D26363}"
EndProject
Project("{2150E333-8FDC-42A3-9474-1A3956D46DE8}") = "sample", "sample", "{88F15A63-FDCE-45CB-B838-09A84FD69CF8}"
EndProject
Project("{2150E333-8FDC-42A3-9474-1A3956D46DE8}") = "WebWindow", "WebWindow", "{A3883F01-F5CB-4B5D-849C-839747B8930B}"
EndProject
Project("{2150E333-8FDC-42A3-9474-1A3956D46DE8}") = "native", "native", "{687E10B9-7758-4E8C-B6A3-9000C5502C29}"
EndProject
Project("{8BC9CEB8-8B4A-11D0-8D11-00A0C91BC942}") = "ALL_BUILD", "src\BlazorWebView.Native\build\ALL_BUILD.vcxproj", "{D001D779-2893-3314-8C71-BF41FB391D1F}"
EndProject
Project("{8BC9CEB8-8B4A-11D0-8D11-00A0C91BC942}") = "BlazorWebViewNative", "src\BlazorWebView.Native\build\BlazorWebViewNative.vcxproj", "{5964A537-BD1F-3AAF-8CE8-E5C942FF8E54}"
EndProject
Project("{8BC9CEB8-8B4A-11D0-8D11-00A0C91BC942}") = "ZERO_CHECK", "src\BlazorWebView.Native\build\ZERO_CHECK.vcxproj", "{C8CCC2FE-292A-3B1B-8CB7-C25087679513}"
EndProject
Project("{2150E333-8FDC-42A3-9474-1A3956D46DE8}") = "docs", "docs", "{D862B5CA-88D4-486A-9863-692BB4AD2DCE}"
	ProjectSection(SolutionItems) = preProject
		LICENSE = LICENSE
		README.md = README.md
	EndProjectSection
EndProject
Project("{9A19103F-16F7-4668-BE54-9A1E7A4F7556}") = "BlazorWebView.Wpf", "src\BlazorWebView.Wpf\BlazorWebView.Wpf.csproj", "{5FA920C7-EA7E-4FDA-860B-81BD19613DB6}"
EndProject
Project("{FAE04EC0-301F-11D3-BF4B-00C04F79EFBC}") = "BlazorWebView.Android", "src\BlazorWebView.Android\BlazorWebView.Android.csproj", "{7059EDC1-60B1-4EF6-87A2-CEF95B967DBB}"
EndProject
Project("{9A19103F-16F7-4668-BE54-9A1E7A4F7556}") = "BlazorApp.Wpf", "sample\BlazorApp.Wpf\BlazorApp.Wpf.csproj", "{D53EC302-8E28-4D61-9C6C-B01772F863E3}"
EndProject
Project("{FAE04EC0-301F-11D3-BF4B-00C04F79EFBC}") = "BlazorApp.Android", "sample\BlazorApp.Android\BlazorApp.Android.csproj", "{6870BD0A-8ECA-4989-B5CA-239A7FB4BF24}"
EndProject
Global
	GlobalSection(SolutionConfigurationPlatforms) = preSolution
		Debug|Any CPU = Debug|Any CPU
		Debug|iPhone = Debug|iPhone
		Debug|iPhoneSimulator = Debug|iPhoneSimulator
		Debug|x64 = Debug|x64
		MinSizeRel|Any CPU = MinSizeRel|Any CPU
		MinSizeRel|iPhone = MinSizeRel|iPhone
		MinSizeRel|iPhoneSimulator = MinSizeRel|iPhoneSimulator
		MinSizeRel|x64 = MinSizeRel|x64
		Release|Any CPU = Release|Any CPU
		Release|iPhone = Release|iPhone
		Release|iPhoneSimulator = Release|iPhoneSimulator
		Release|x64 = Release|x64
		RelWithDebInfo|Any CPU = RelWithDebInfo|Any CPU
		RelWithDebInfo|iPhone = RelWithDebInfo|iPhone
		RelWithDebInfo|iPhoneSimulator = RelWithDebInfo|iPhoneSimulator
		RelWithDebInfo|x64 = RelWithDebInfo|x64
	EndGlobalSection
	GlobalSection(ProjectConfigurationPlatforms) = postSolution
		{24B7B3C4-958A-4559-BF5E-3E7FE6604EC9}.Debug|Any CPU.ActiveCfg = Debug|Any CPU
		{24B7B3C4-958A-4559-BF5E-3E7FE6604EC9}.Debug|Any CPU.Build.0 = Debug|Any CPU
		{24B7B3C4-958A-4559-BF5E-3E7FE6604EC9}.Debug|iPhone.ActiveCfg = Debug|Any CPU
		{24B7B3C4-958A-4559-BF5E-3E7FE6604EC9}.Debug|iPhone.Build.0 = Debug|Any CPU
		{24B7B3C4-958A-4559-BF5E-3E7FE6604EC9}.Debug|iPhoneSimulator.ActiveCfg = Debug|Any CPU
		{24B7B3C4-958A-4559-BF5E-3E7FE6604EC9}.Debug|iPhoneSimulator.Build.0 = Debug|Any CPU
		{24B7B3C4-958A-4559-BF5E-3E7FE6604EC9}.Debug|x64.ActiveCfg = Debug|Any CPU
		{24B7B3C4-958A-4559-BF5E-3E7FE6604EC9}.Debug|x64.Build.0 = Debug|Any CPU
		{24B7B3C4-958A-4559-BF5E-3E7FE6604EC9}.MinSizeRel|Any CPU.ActiveCfg = Release|Any CPU
		{24B7B3C4-958A-4559-BF5E-3E7FE6604EC9}.MinSizeRel|Any CPU.Build.0 = Release|Any CPU
		{24B7B3C4-958A-4559-BF5E-3E7FE6604EC9}.MinSizeRel|iPhone.ActiveCfg = Release|Any CPU
		{24B7B3C4-958A-4559-BF5E-3E7FE6604EC9}.MinSizeRel|iPhone.Build.0 = Release|Any CPU
		{24B7B3C4-958A-4559-BF5E-3E7FE6604EC9}.MinSizeRel|iPhoneSimulator.ActiveCfg = Release|Any CPU
		{24B7B3C4-958A-4559-BF5E-3E7FE6604EC9}.MinSizeRel|iPhoneSimulator.Build.0 = Release|Any CPU
		{24B7B3C4-958A-4559-BF5E-3E7FE6604EC9}.MinSizeRel|x64.ActiveCfg = Release|Any CPU
		{24B7B3C4-958A-4559-BF5E-3E7FE6604EC9}.MinSizeRel|x64.Build.0 = Release|Any CPU
		{24B7B3C4-958A-4559-BF5E-3E7FE6604EC9}.Release|Any CPU.ActiveCfg = Release|Any CPU
		{24B7B3C4-958A-4559-BF5E-3E7FE6604EC9}.Release|Any CPU.Build.0 = Release|Any CPU
		{24B7B3C4-958A-4559-BF5E-3E7FE6604EC9}.Release|iPhone.ActiveCfg = Release|Any CPU
		{24B7B3C4-958A-4559-BF5E-3E7FE6604EC9}.Release|iPhone.Build.0 = Release|Any CPU
		{24B7B3C4-958A-4559-BF5E-3E7FE6604EC9}.Release|iPhoneSimulator.ActiveCfg = Release|Any CPU
		{24B7B3C4-958A-4559-BF5E-3E7FE6604EC9}.Release|iPhoneSimulator.Build.0 = Release|Any CPU
		{24B7B3C4-958A-4559-BF5E-3E7FE6604EC9}.Release|x64.ActiveCfg = Release|Any CPU
		{24B7B3C4-958A-4559-BF5E-3E7FE6604EC9}.Release|x64.Build.0 = Release|Any CPU
		{24B7B3C4-958A-4559-BF5E-3E7FE6604EC9}.RelWithDebInfo|Any CPU.ActiveCfg = Release|Any CPU
		{24B7B3C4-958A-4559-BF5E-3E7FE6604EC9}.RelWithDebInfo|Any CPU.Build.0 = Release|Any CPU
		{24B7B3C4-958A-4559-BF5E-3E7FE6604EC9}.RelWithDebInfo|iPhone.ActiveCfg = Release|Any CPU
		{24B7B3C4-958A-4559-BF5E-3E7FE6604EC9}.RelWithDebInfo|iPhone.Build.0 = Release|Any CPU
		{24B7B3C4-958A-4559-BF5E-3E7FE6604EC9}.RelWithDebInfo|iPhoneSimulator.ActiveCfg = Release|Any CPU
		{24B7B3C4-958A-4559-BF5E-3E7FE6604EC9}.RelWithDebInfo|iPhoneSimulator.Build.0 = Release|Any CPU
		{24B7B3C4-958A-4559-BF5E-3E7FE6604EC9}.RelWithDebInfo|x64.ActiveCfg = Release|Any CPU
		{24B7B3C4-958A-4559-BF5E-3E7FE6604EC9}.RelWithDebInfo|x64.Build.0 = Release|Any CPU
		{196C67E9-3E9E-4D57-B977-11BF00073FC9}.Debug|Any CPU.ActiveCfg = Debug|Any CPU
		{196C67E9-3E9E-4D57-B977-11BF00073FC9}.Debug|Any CPU.Build.0 = Debug|Any CPU
		{196C67E9-3E9E-4D57-B977-11BF00073FC9}.Debug|iPhone.ActiveCfg = Debug|Any CPU
		{196C67E9-3E9E-4D57-B977-11BF00073FC9}.Debug|iPhone.Build.0 = Debug|Any CPU
		{196C67E9-3E9E-4D57-B977-11BF00073FC9}.Debug|iPhoneSimulator.ActiveCfg = Debug|Any CPU
		{196C67E9-3E9E-4D57-B977-11BF00073FC9}.Debug|iPhoneSimulator.Build.0 = Debug|Any CPU
		{196C67E9-3E9E-4D57-B977-11BF00073FC9}.Debug|x64.ActiveCfg = Debug|Any CPU
		{196C67E9-3E9E-4D57-B977-11BF00073FC9}.Debug|x64.Build.0 = Debug|Any CPU
		{196C67E9-3E9E-4D57-B977-11BF00073FC9}.MinSizeRel|Any CPU.ActiveCfg = Release|Any CPU
		{196C67E9-3E9E-4D57-B977-11BF00073FC9}.MinSizeRel|Any CPU.Build.0 = Release|Any CPU
		{196C67E9-3E9E-4D57-B977-11BF00073FC9}.MinSizeRel|iPhone.ActiveCfg = Release|Any CPU
		{196C67E9-3E9E-4D57-B977-11BF00073FC9}.MinSizeRel|iPhone.Build.0 = Release|Any CPU
		{196C67E9-3E9E-4D57-B977-11BF00073FC9}.MinSizeRel|iPhoneSimulator.ActiveCfg = Release|Any CPU
		{196C67E9-3E9E-4D57-B977-11BF00073FC9}.MinSizeRel|iPhoneSimulator.Build.0 = Release|Any CPU
		{196C67E9-3E9E-4D57-B977-11BF00073FC9}.MinSizeRel|x64.ActiveCfg = Release|Any CPU
		{196C67E9-3E9E-4D57-B977-11BF00073FC9}.MinSizeRel|x64.Build.0 = Release|Any CPU
		{196C67E9-3E9E-4D57-B977-11BF00073FC9}.Release|Any CPU.ActiveCfg = Release|Any CPU
		{196C67E9-3E9E-4D57-B977-11BF00073FC9}.Release|Any CPU.Build.0 = Release|Any CPU
		{196C67E9-3E9E-4D57-B977-11BF00073FC9}.Release|iPhone.ActiveCfg = Release|Any CPU
		{196C67E9-3E9E-4D57-B977-11BF00073FC9}.Release|iPhone.Build.0 = Release|Any CPU
		{196C67E9-3E9E-4D57-B977-11BF00073FC9}.Release|iPhoneSimulator.ActiveCfg = Release|Any CPU
		{196C67E9-3E9E-4D57-B977-11BF00073FC9}.Release|iPhoneSimulator.Build.0 = Release|Any CPU
		{196C67E9-3E9E-4D57-B977-11BF00073FC9}.Release|x64.ActiveCfg = Release|Any CPU
		{196C67E9-3E9E-4D57-B977-11BF00073FC9}.Release|x64.Build.0 = Release|Any CPU
		{196C67E9-3E9E-4D57-B977-11BF00073FC9}.RelWithDebInfo|Any CPU.ActiveCfg = Release|Any CPU
		{196C67E9-3E9E-4D57-B977-11BF00073FC9}.RelWithDebInfo|Any CPU.Build.0 = Release|Any CPU
		{196C67E9-3E9E-4D57-B977-11BF00073FC9}.RelWithDebInfo|iPhone.ActiveCfg = Release|Any CPU
		{196C67E9-3E9E-4D57-B977-11BF00073FC9}.RelWithDebInfo|iPhone.Build.0 = Release|Any CPU
		{196C67E9-3E9E-4D57-B977-11BF00073FC9}.RelWithDebInfo|iPhoneSimulator.ActiveCfg = Release|Any CPU
		{196C67E9-3E9E-4D57-B977-11BF00073FC9}.RelWithDebInfo|iPhoneSimulator.Build.0 = Release|Any CPU
		{196C67E9-3E9E-4D57-B977-11BF00073FC9}.RelWithDebInfo|x64.ActiveCfg = Release|Any CPU
		{196C67E9-3E9E-4D57-B977-11BF00073FC9}.RelWithDebInfo|x64.Build.0 = Release|Any CPU
		{A64092D3-BF77-4531-88C0-2C2316D0B44F}.Debug|Any CPU.ActiveCfg = Debug|Any CPU
		{A64092D3-BF77-4531-88C0-2C2316D0B44F}.Debug|Any CPU.Build.0 = Debug|Any CPU
		{A64092D3-BF77-4531-88C0-2C2316D0B44F}.Debug|iPhone.ActiveCfg = Debug|Any CPU
		{A64092D3-BF77-4531-88C0-2C2316D0B44F}.Debug|iPhone.Build.0 = Debug|Any CPU
		{A64092D3-BF77-4531-88C0-2C2316D0B44F}.Debug|iPhoneSimulator.ActiveCfg = Debug|Any CPU
		{A64092D3-BF77-4531-88C0-2C2316D0B44F}.Debug|iPhoneSimulator.Build.0 = Debug|Any CPU
		{A64092D3-BF77-4531-88C0-2C2316D0B44F}.Debug|x64.ActiveCfg = Debug|Any CPU
		{A64092D3-BF77-4531-88C0-2C2316D0B44F}.Debug|x64.Build.0 = Debug|Any CPU
		{A64092D3-BF77-4531-88C0-2C2316D0B44F}.MinSizeRel|Any CPU.ActiveCfg = Release|Any CPU
		{A64092D3-BF77-4531-88C0-2C2316D0B44F}.MinSizeRel|Any CPU.Build.0 = Release|Any CPU
		{A64092D3-BF77-4531-88C0-2C2316D0B44F}.MinSizeRel|iPhone.ActiveCfg = Release|Any CPU
		{A64092D3-BF77-4531-88C0-2C2316D0B44F}.MinSizeRel|iPhone.Build.0 = Release|Any CPU
		{A64092D3-BF77-4531-88C0-2C2316D0B44F}.MinSizeRel|iPhoneSimulator.ActiveCfg = Release|Any CPU
		{A64092D3-BF77-4531-88C0-2C2316D0B44F}.MinSizeRel|iPhoneSimulator.Build.0 = Release|Any CPU
		{A64092D3-BF77-4531-88C0-2C2316D0B44F}.MinSizeRel|x64.ActiveCfg = Release|Any CPU
		{A64092D3-BF77-4531-88C0-2C2316D0B44F}.MinSizeRel|x64.Build.0 = Release|Any CPU
		{A64092D3-BF77-4531-88C0-2C2316D0B44F}.Release|Any CPU.ActiveCfg = Release|Any CPU
		{A64092D3-BF77-4531-88C0-2C2316D0B44F}.Release|Any CPU.Build.0 = Release|Any CPU
		{A64092D3-BF77-4531-88C0-2C2316D0B44F}.Release|iPhone.ActiveCfg = Release|Any CPU
		{A64092D3-BF77-4531-88C0-2C2316D0B44F}.Release|iPhone.Build.0 = Release|Any CPU
		{A64092D3-BF77-4531-88C0-2C2316D0B44F}.Release|iPhoneSimulator.ActiveCfg = Release|Any CPU
		{A64092D3-BF77-4531-88C0-2C2316D0B44F}.Release|iPhoneSimulator.Build.0 = Release|Any CPU
		{A64092D3-BF77-4531-88C0-2C2316D0B44F}.Release|x64.ActiveCfg = Release|Any CPU
		{A64092D3-BF77-4531-88C0-2C2316D0B44F}.Release|x64.Build.0 = Release|Any CPU
		{A64092D3-BF77-4531-88C0-2C2316D0B44F}.RelWithDebInfo|Any CPU.ActiveCfg = Release|Any CPU
		{A64092D3-BF77-4531-88C0-2C2316D0B44F}.RelWithDebInfo|Any CPU.Build.0 = Release|Any CPU
		{A64092D3-BF77-4531-88C0-2C2316D0B44F}.RelWithDebInfo|iPhone.ActiveCfg = Release|Any CPU
		{A64092D3-BF77-4531-88C0-2C2316D0B44F}.RelWithDebInfo|iPhone.Build.0 = Release|Any CPU
		{A64092D3-BF77-4531-88C0-2C2316D0B44F}.RelWithDebInfo|iPhoneSimulator.ActiveCfg = Release|Any CPU
		{A64092D3-BF77-4531-88C0-2C2316D0B44F}.RelWithDebInfo|iPhoneSimulator.Build.0 = Release|Any CPU
		{A64092D3-BF77-4531-88C0-2C2316D0B44F}.RelWithDebInfo|x64.ActiveCfg = Release|Any CPU
		{A64092D3-BF77-4531-88C0-2C2316D0B44F}.RelWithDebInfo|x64.Build.0 = Release|Any CPU
		{581141F6-5522-4B66-8404-4C376F42FB5C}.Debug|Any CPU.ActiveCfg = Debug|Any CPU
		{581141F6-5522-4B66-8404-4C376F42FB5C}.Debug|Any CPU.Build.0 = Debug|Any CPU
		{581141F6-5522-4B66-8404-4C376F42FB5C}.Debug|iPhone.ActiveCfg = Debug|Any CPU
		{581141F6-5522-4B66-8404-4C376F42FB5C}.Debug|iPhone.Build.0 = Debug|Any CPU
		{581141F6-5522-4B66-8404-4C376F42FB5C}.Debug|iPhoneSimulator.ActiveCfg = Debug|Any CPU
		{581141F6-5522-4B66-8404-4C376F42FB5C}.Debug|iPhoneSimulator.Build.0 = Debug|Any CPU
		{581141F6-5522-4B66-8404-4C376F42FB5C}.Debug|x64.ActiveCfg = Debug|Any CPU
		{581141F6-5522-4B66-8404-4C376F42FB5C}.Debug|x64.Build.0 = Debug|Any CPU
		{581141F6-5522-4B66-8404-4C376F42FB5C}.MinSizeRel|Any CPU.ActiveCfg = Release|Any CPU
		{581141F6-5522-4B66-8404-4C376F42FB5C}.MinSizeRel|Any CPU.Build.0 = Release|Any CPU
		{581141F6-5522-4B66-8404-4C376F42FB5C}.MinSizeRel|iPhone.ActiveCfg = Release|Any CPU
		{581141F6-5522-4B66-8404-4C376F42FB5C}.MinSizeRel|iPhone.Build.0 = Release|Any CPU
		{581141F6-5522-4B66-8404-4C376F42FB5C}.MinSizeRel|iPhoneSimulator.ActiveCfg = Release|Any CPU
		{581141F6-5522-4B66-8404-4C376F42FB5C}.MinSizeRel|iPhoneSimulator.Build.0 = Release|Any CPU
		{581141F6-5522-4B66-8404-4C376F42FB5C}.MinSizeRel|x64.ActiveCfg = Release|Any CPU
		{581141F6-5522-4B66-8404-4C376F42FB5C}.MinSizeRel|x64.Build.0 = Release|Any CPU
		{581141F6-5522-4B66-8404-4C376F42FB5C}.Release|Any CPU.ActiveCfg = Release|Any CPU
		{581141F6-5522-4B66-8404-4C376F42FB5C}.Release|Any CPU.Build.0 = Release|Any CPU
		{581141F6-5522-4B66-8404-4C376F42FB5C}.Release|iPhone.ActiveCfg = Release|Any CPU
		{581141F6-5522-4B66-8404-4C376F42FB5C}.Release|iPhone.Build.0 = Release|Any CPU
		{581141F6-5522-4B66-8404-4C376F42FB5C}.Release|iPhoneSimulator.ActiveCfg = Release|Any CPU
		{581141F6-5522-4B66-8404-4C376F42FB5C}.Release|iPhoneSimulator.Build.0 = Release|Any CPU
		{581141F6-5522-4B66-8404-4C376F42FB5C}.Release|x64.ActiveCfg = Release|Any CPU
		{581141F6-5522-4B66-8404-4C376F42FB5C}.Release|x64.Build.0 = Release|Any CPU
		{581141F6-5522-4B66-8404-4C376F42FB5C}.RelWithDebInfo|Any CPU.ActiveCfg = Release|Any CPU
		{581141F6-5522-4B66-8404-4C376F42FB5C}.RelWithDebInfo|Any CPU.Build.0 = Release|Any CPU
		{581141F6-5522-4B66-8404-4C376F42FB5C}.RelWithDebInfo|iPhone.ActiveCfg = Release|Any CPU
		{581141F6-5522-4B66-8404-4C376F42FB5C}.RelWithDebInfo|iPhone.Build.0 = Release|Any CPU
		{581141F6-5522-4B66-8404-4C376F42FB5C}.RelWithDebInfo|iPhoneSimulator.ActiveCfg = Release|Any CPU
		{581141F6-5522-4B66-8404-4C376F42FB5C}.RelWithDebInfo|iPhoneSimulator.Build.0 = Release|Any CPU
		{581141F6-5522-4B66-8404-4C376F42FB5C}.RelWithDebInfo|x64.ActiveCfg = Release|Any CPU
		{581141F6-5522-4B66-8404-4C376F42FB5C}.RelWithDebInfo|x64.Build.0 = Release|Any CPU
		{BA247A5F-A935-47F7-BEFF-3619512B64F4}.Debug|Any CPU.ActiveCfg = Debug|Any CPU
		{BA247A5F-A935-47F7-BEFF-3619512B64F4}.Debug|Any CPU.Build.0 = Debug|Any CPU
		{BA247A5F-A935-47F7-BEFF-3619512B64F4}.Debug|iPhone.ActiveCfg = Debug|Any CPU
		{BA247A5F-A935-47F7-BEFF-3619512B64F4}.Debug|iPhone.Build.0 = Debug|Any CPU
		{BA247A5F-A935-47F7-BEFF-3619512B64F4}.Debug|iPhoneSimulator.ActiveCfg = Debug|Any CPU
		{BA247A5F-A935-47F7-BEFF-3619512B64F4}.Debug|iPhoneSimulator.Build.0 = Debug|Any CPU
		{BA247A5F-A935-47F7-BEFF-3619512B64F4}.Debug|x64.ActiveCfg = Debug|Any CPU
		{BA247A5F-A935-47F7-BEFF-3619512B64F4}.Debug|x64.Build.0 = Debug|Any CPU
		{BA247A5F-A935-47F7-BEFF-3619512B64F4}.MinSizeRel|Any CPU.ActiveCfg = Release|Any CPU
		{BA247A5F-A935-47F7-BEFF-3619512B64F4}.MinSizeRel|Any CPU.Build.0 = Release|Any CPU
		{BA247A5F-A935-47F7-BEFF-3619512B64F4}.MinSizeRel|iPhone.ActiveCfg = Release|Any CPU
		{BA247A5F-A935-47F7-BEFF-3619512B64F4}.MinSizeRel|iPhone.Build.0 = Release|Any CPU
		{BA247A5F-A935-47F7-BEFF-3619512B64F4}.MinSizeRel|iPhoneSimulator.ActiveCfg = Release|Any CPU
		{BA247A5F-A935-47F7-BEFF-3619512B64F4}.MinSizeRel|iPhoneSimulator.Build.0 = Release|Any CPU
		{BA247A5F-A935-47F7-BEFF-3619512B64F4}.MinSizeRel|x64.ActiveCfg = Release|Any CPU
		{BA247A5F-A935-47F7-BEFF-3619512B64F4}.MinSizeRel|x64.Build.0 = Release|Any CPU
		{BA247A5F-A935-47F7-BEFF-3619512B64F4}.Release|Any CPU.ActiveCfg = Release|Any CPU
		{BA247A5F-A935-47F7-BEFF-3619512B64F4}.Release|Any CPU.Build.0 = Release|Any CPU
		{BA247A5F-A935-47F7-BEFF-3619512B64F4}.Release|iPhone.ActiveCfg = Release|Any CPU
		{BA247A5F-A935-47F7-BEFF-3619512B64F4}.Release|iPhone.Build.0 = Release|Any CPU
		{BA247A5F-A935-47F7-BEFF-3619512B64F4}.Release|iPhoneSimulator.ActiveCfg = Release|Any CPU
		{BA247A5F-A935-47F7-BEFF-3619512B64F4}.Release|iPhoneSimulator.Build.0 = Release|Any CPU
		{BA247A5F-A935-47F7-BEFF-3619512B64F4}.Release|x64.ActiveCfg = Release|Any CPU
		{BA247A5F-A935-47F7-BEFF-3619512B64F4}.Release|x64.Build.0 = Release|Any CPU
		{BA247A5F-A935-47F7-BEFF-3619512B64F4}.RelWithDebInfo|Any CPU.ActiveCfg = Release|Any CPU
		{BA247A5F-A935-47F7-BEFF-3619512B64F4}.RelWithDebInfo|Any CPU.Build.0 = Release|Any CPU
		{BA247A5F-A935-47F7-BEFF-3619512B64F4}.RelWithDebInfo|iPhone.ActiveCfg = Release|Any CPU
		{BA247A5F-A935-47F7-BEFF-3619512B64F4}.RelWithDebInfo|iPhone.Build.0 = Release|Any CPU
		{BA247A5F-A935-47F7-BEFF-3619512B64F4}.RelWithDebInfo|iPhoneSimulator.ActiveCfg = Release|Any CPU
		{BA247A5F-A935-47F7-BEFF-3619512B64F4}.RelWithDebInfo|iPhoneSimulator.Build.0 = Release|Any CPU
		{BA247A5F-A935-47F7-BEFF-3619512B64F4}.RelWithDebInfo|x64.ActiveCfg = Release|Any CPU
		{BA247A5F-A935-47F7-BEFF-3619512B64F4}.RelWithDebInfo|x64.Build.0 = Release|Any CPU
		{C4E356A9-C221-47E1-B566-458D9C6ACB18}.Debug|Any CPU.ActiveCfg = Debug|Any CPU
		{C4E356A9-C221-47E1-B566-458D9C6ACB18}.Debug|Any CPU.Build.0 = Debug|Any CPU
		{C4E356A9-C221-47E1-B566-458D9C6ACB18}.Debug|iPhone.ActiveCfg = Debug|Any CPU
		{C4E356A9-C221-47E1-B566-458D9C6ACB18}.Debug|iPhone.Build.0 = Debug|Any CPU
		{C4E356A9-C221-47E1-B566-458D9C6ACB18}.Debug|iPhoneSimulator.ActiveCfg = Debug|Any CPU
		{C4E356A9-C221-47E1-B566-458D9C6ACB18}.Debug|iPhoneSimulator.Build.0 = Debug|Any CPU
		{C4E356A9-C221-47E1-B566-458D9C6ACB18}.Debug|x64.ActiveCfg = Debug|Any CPU
		{C4E356A9-C221-47E1-B566-458D9C6ACB18}.Debug|x64.Build.0 = Debug|Any CPU
		{C4E356A9-C221-47E1-B566-458D9C6ACB18}.MinSizeRel|Any CPU.ActiveCfg = Release|Any CPU
		{C4E356A9-C221-47E1-B566-458D9C6ACB18}.MinSizeRel|Any CPU.Build.0 = Release|Any CPU
		{C4E356A9-C221-47E1-B566-458D9C6ACB18}.MinSizeRel|iPhone.ActiveCfg = Release|Any CPU
		{C4E356A9-C221-47E1-B566-458D9C6ACB18}.MinSizeRel|iPhone.Build.0 = Release|Any CPU
		{C4E356A9-C221-47E1-B566-458D9C6ACB18}.MinSizeRel|iPhoneSimulator.ActiveCfg = Release|Any CPU
		{C4E356A9-C221-47E1-B566-458D9C6ACB18}.MinSizeRel|iPhoneSimulator.Build.0 = Release|Any CPU
		{C4E356A9-C221-47E1-B566-458D9C6ACB18}.MinSizeRel|x64.ActiveCfg = Release|Any CPU
		{C4E356A9-C221-47E1-B566-458D9C6ACB18}.MinSizeRel|x64.Build.0 = Release|Any CPU
		{C4E356A9-C221-47E1-B566-458D9C6ACB18}.Release|Any CPU.ActiveCfg = Release|Any CPU
		{C4E356A9-C221-47E1-B566-458D9C6ACB18}.Release|Any CPU.Build.0 = Release|Any CPU
		{C4E356A9-C221-47E1-B566-458D9C6ACB18}.Release|iPhone.ActiveCfg = Release|Any CPU
		{C4E356A9-C221-47E1-B566-458D9C6ACB18}.Release|iPhone.Build.0 = Release|Any CPU
		{C4E356A9-C221-47E1-B566-458D9C6ACB18}.Release|iPhoneSimulator.ActiveCfg = Release|Any CPU
		{C4E356A9-C221-47E1-B566-458D9C6ACB18}.Release|iPhoneSimulator.Build.0 = Release|Any CPU
		{C4E356A9-C221-47E1-B566-458D9C6ACB18}.Release|x64.ActiveCfg = Release|Any CPU
		{C4E356A9-C221-47E1-B566-458D9C6ACB18}.Release|x64.Build.0 = Release|Any CPU
		{C4E356A9-C221-47E1-B566-458D9C6ACB18}.RelWithDebInfo|Any CPU.ActiveCfg = Release|Any CPU
		{C4E356A9-C221-47E1-B566-458D9C6ACB18}.RelWithDebInfo|Any CPU.Build.0 = Release|Any CPU
		{C4E356A9-C221-47E1-B566-458D9C6ACB18}.RelWithDebInfo|iPhone.ActiveCfg = Release|Any CPU
		{C4E356A9-C221-47E1-B566-458D9C6ACB18}.RelWithDebInfo|iPhone.Build.0 = Release|Any CPU
		{C4E356A9-C221-47E1-B566-458D9C6ACB18}.RelWithDebInfo|iPhoneSimulator.ActiveCfg = Release|Any CPU
		{C4E356A9-C221-47E1-B566-458D9C6ACB18}.RelWithDebInfo|iPhoneSimulator.Build.0 = Release|Any CPU
		{C4E356A9-C221-47E1-B566-458D9C6ACB18}.RelWithDebInfo|x64.ActiveCfg = Release|Any CPU
		{C4E356A9-C221-47E1-B566-458D9C6ACB18}.RelWithDebInfo|x64.Build.0 = Release|Any CPU
		{B2890F22-29C4-410B-9F39-40BEC6818E33}.Debug|Any CPU.ActiveCfg = Debug|iPhoneSimulator
		{B2890F22-29C4-410B-9F39-40BEC6818E33}.Debug|Any CPU.Build.0 = Debug|iPhoneSimulator
		{B2890F22-29C4-410B-9F39-40BEC6818E33}.Debug|iPhone.ActiveCfg = Debug|iPhone
		{B2890F22-29C4-410B-9F39-40BEC6818E33}.Debug|iPhone.Build.0 = Debug|iPhone
		{B2890F22-29C4-410B-9F39-40BEC6818E33}.Debug|iPhoneSimulator.ActiveCfg = Debug|iPhoneSimulator
		{B2890F22-29C4-410B-9F39-40BEC6818E33}.Debug|iPhoneSimulator.Build.0 = Debug|iPhoneSimulator
		{B2890F22-29C4-410B-9F39-40BEC6818E33}.Debug|x64.ActiveCfg = Debug|iPhone
		{B2890F22-29C4-410B-9F39-40BEC6818E33}.MinSizeRel|Any CPU.ActiveCfg = Release|iPhone
		{B2890F22-29C4-410B-9F39-40BEC6818E33}.MinSizeRel|Any CPU.Build.0 = Release|iPhone
		{B2890F22-29C4-410B-9F39-40BEC6818E33}.MinSizeRel|iPhone.ActiveCfg = Release|iPhone
		{B2890F22-29C4-410B-9F39-40BEC6818E33}.MinSizeRel|iPhone.Build.0 = Release|iPhone
		{B2890F22-29C4-410B-9F39-40BEC6818E33}.MinSizeRel|iPhoneSimulator.ActiveCfg = Release|iPhoneSimulator
		{B2890F22-29C4-410B-9F39-40BEC6818E33}.MinSizeRel|iPhoneSimulator.Build.0 = Release|iPhoneSimulator
		{B2890F22-29C4-410B-9F39-40BEC6818E33}.MinSizeRel|x64.ActiveCfg = Release|iPhone
		{B2890F22-29C4-410B-9F39-40BEC6818E33}.MinSizeRel|x64.Build.0 = Release|iPhone
		{B2890F22-29C4-410B-9F39-40BEC6818E33}.Release|Any CPU.ActiveCfg = Release|iPhoneSimulator
		{B2890F22-29C4-410B-9F39-40BEC6818E33}.Release|Any CPU.Build.0 = Release|iPhoneSimulator
		{B2890F22-29C4-410B-9F39-40BEC6818E33}.Release|iPhone.ActiveCfg = Release|iPhone
		{B2890F22-29C4-410B-9F39-40BEC6818E33}.Release|iPhone.Build.0 = Release|iPhone
		{B2890F22-29C4-410B-9F39-40BEC6818E33}.Release|iPhoneSimulator.ActiveCfg = Release|iPhoneSimulator
		{B2890F22-29C4-410B-9F39-40BEC6818E33}.Release|iPhoneSimulator.Build.0 = Release|iPhoneSimulator
		{B2890F22-29C4-410B-9F39-40BEC6818E33}.Release|x64.ActiveCfg = Release|iPhone
		{B2890F22-29C4-410B-9F39-40BEC6818E33}.RelWithDebInfo|Any CPU.ActiveCfg = Release|iPhone
		{B2890F22-29C4-410B-9F39-40BEC6818E33}.RelWithDebInfo|Any CPU.Build.0 = Release|iPhone
		{B2890F22-29C4-410B-9F39-40BEC6818E33}.RelWithDebInfo|iPhone.ActiveCfg = Release|iPhone
		{B2890F22-29C4-410B-9F39-40BEC6818E33}.RelWithDebInfo|iPhone.Build.0 = Release|iPhone
		{B2890F22-29C4-410B-9F39-40BEC6818E33}.RelWithDebInfo|iPhoneSimulator.ActiveCfg = Release|iPhoneSimulator
		{B2890F22-29C4-410B-9F39-40BEC6818E33}.RelWithDebInfo|iPhoneSimulator.Build.0 = Release|iPhoneSimulator
		{B2890F22-29C4-410B-9F39-40BEC6818E33}.RelWithDebInfo|x64.ActiveCfg = Release|iPhone
		{B2890F22-29C4-410B-9F39-40BEC6818E33}.RelWithDebInfo|x64.Build.0 = Release|iPhone
		{D001D779-2893-3314-8C71-BF41FB391D1F}.Debug|Any CPU.ActiveCfg = Debug|x64
		{D001D779-2893-3314-8C71-BF41FB391D1F}.Debug|iPhone.ActiveCfg = Debug|x64
		{D001D779-2893-3314-8C71-BF41FB391D1F}.Debug|iPhoneSimulator.ActiveCfg = Debug|x64
		{D001D779-2893-3314-8C71-BF41FB391D1F}.Debug|x64.ActiveCfg = Debug|x64
		{D001D779-2893-3314-8C71-BF41FB391D1F}.Debug|x64.Build.0 = Debug|x64
		{D001D779-2893-3314-8C71-BF41FB391D1F}.MinSizeRel|Any CPU.ActiveCfg = MinSizeRel|x64
		{D001D779-2893-3314-8C71-BF41FB391D1F}.MinSizeRel|iPhone.ActiveCfg = MinSizeRel|x64
		{D001D779-2893-3314-8C71-BF41FB391D1F}.MinSizeRel|iPhoneSimulator.ActiveCfg = MinSizeRel|x64
		{D001D779-2893-3314-8C71-BF41FB391D1F}.MinSizeRel|x64.ActiveCfg = MinSizeRel|x64
		{D001D779-2893-3314-8C71-BF41FB391D1F}.MinSizeRel|x64.Build.0 = MinSizeRel|x64
		{D001D779-2893-3314-8C71-BF41FB391D1F}.Release|Any CPU.ActiveCfg = Release|x64
		{D001D779-2893-3314-8C71-BF41FB391D1F}.Release|iPhone.ActiveCfg = Release|x64
		{D001D779-2893-3314-8C71-BF41FB391D1F}.Release|iPhoneSimulator.ActiveCfg = Release|x64
		{D001D779-2893-3314-8C71-BF41FB391D1F}.Release|x64.ActiveCfg = Release|x64
		{D001D779-2893-3314-8C71-BF41FB391D1F}.Release|x64.Build.0 = Release|x64
		{D001D779-2893-3314-8C71-BF41FB391D1F}.RelWithDebInfo|Any CPU.ActiveCfg = RelWithDebInfo|x64
		{D001D779-2893-3314-8C71-BF41FB391D1F}.RelWithDebInfo|iPhone.ActiveCfg = RelWithDebInfo|x64
		{D001D779-2893-3314-8C71-BF41FB391D1F}.RelWithDebInfo|iPhoneSimulator.ActiveCfg = RelWithDebInfo|x64
		{D001D779-2893-3314-8C71-BF41FB391D1F}.RelWithDebInfo|x64.ActiveCfg = RelWithDebInfo|x64
		{D001D779-2893-3314-8C71-BF41FB391D1F}.RelWithDebInfo|x64.Build.0 = RelWithDebInfo|x64
		{5964A537-BD1F-3AAF-8CE8-E5C942FF8E54}.Debug|Any CPU.ActiveCfg = Debug|x64
		{5964A537-BD1F-3AAF-8CE8-E5C942FF8E54}.Debug|iPhone.ActiveCfg = Debug|x64
		{5964A537-BD1F-3AAF-8CE8-E5C942FF8E54}.Debug|iPhoneSimulator.ActiveCfg = Debug|x64
		{5964A537-BD1F-3AAF-8CE8-E5C942FF8E54}.Debug|x64.ActiveCfg = Debug|x64
		{5964A537-BD1F-3AAF-8CE8-E5C942FF8E54}.Debug|x64.Build.0 = Debug|x64
		{5964A537-BD1F-3AAF-8CE8-E5C942FF8E54}.MinSizeRel|Any CPU.ActiveCfg = MinSizeRel|x64
		{5964A537-BD1F-3AAF-8CE8-E5C942FF8E54}.MinSizeRel|iPhone.ActiveCfg = MinSizeRel|x64
		{5964A537-BD1F-3AAF-8CE8-E5C942FF8E54}.MinSizeRel|iPhoneSimulator.ActiveCfg = MinSizeRel|x64
		{5964A537-BD1F-3AAF-8CE8-E5C942FF8E54}.MinSizeRel|x64.ActiveCfg = MinSizeRel|x64
		{5964A537-BD1F-3AAF-8CE8-E5C942FF8E54}.MinSizeRel|x64.Build.0 = MinSizeRel|x64
		{5964A537-BD1F-3AAF-8CE8-E5C942FF8E54}.Release|Any CPU.ActiveCfg = Release|x64
		{5964A537-BD1F-3AAF-8CE8-E5C942FF8E54}.Release|iPhone.ActiveCfg = Release|x64
		{5964A537-BD1F-3AAF-8CE8-E5C942FF8E54}.Release|iPhoneSimulator.ActiveCfg = Release|x64
		{5964A537-BD1F-3AAF-8CE8-E5C942FF8E54}.Release|x64.ActiveCfg = Release|x64
		{5964A537-BD1F-3AAF-8CE8-E5C942FF8E54}.Release|x64.Build.0 = Release|x64
		{5964A537-BD1F-3AAF-8CE8-E5C942FF8E54}.RelWithDebInfo|Any CPU.ActiveCfg = RelWithDebInfo|x64
		{5964A537-BD1F-3AAF-8CE8-E5C942FF8E54}.RelWithDebInfo|iPhone.ActiveCfg = RelWithDebInfo|x64
		{5964A537-BD1F-3AAF-8CE8-E5C942FF8E54}.RelWithDebInfo|iPhoneSimulator.ActiveCfg = RelWithDebInfo|x64
		{5964A537-BD1F-3AAF-8CE8-E5C942FF8E54}.RelWithDebInfo|x64.ActiveCfg = RelWithDebInfo|x64
		{5964A537-BD1F-3AAF-8CE8-E5C942FF8E54}.RelWithDebInfo|x64.Build.0 = RelWithDebInfo|x64
		{C8CCC2FE-292A-3B1B-8CB7-C25087679513}.Debug|Any CPU.ActiveCfg = Debug|x64
		{C8CCC2FE-292A-3B1B-8CB7-C25087679513}.Debug|iPhone.ActiveCfg = Debug|x64
		{C8CCC2FE-292A-3B1B-8CB7-C25087679513}.Debug|iPhoneSimulator.ActiveCfg = Debug|x64
		{C8CCC2FE-292A-3B1B-8CB7-C25087679513}.Debug|x64.ActiveCfg = Debug|x64
		{C8CCC2FE-292A-3B1B-8CB7-C25087679513}.Debug|x64.Build.0 = Debug|x64
		{C8CCC2FE-292A-3B1B-8CB7-C25087679513}.MinSizeRel|Any CPU.ActiveCfg = MinSizeRel|x64
		{C8CCC2FE-292A-3B1B-8CB7-C25087679513}.MinSizeRel|iPhone.ActiveCfg = MinSizeRel|x64
		{C8CCC2FE-292A-3B1B-8CB7-C25087679513}.MinSizeRel|iPhoneSimulator.ActiveCfg = MinSizeRel|x64
		{C8CCC2FE-292A-3B1B-8CB7-C25087679513}.MinSizeRel|x64.ActiveCfg = MinSizeRel|x64
		{C8CCC2FE-292A-3B1B-8CB7-C25087679513}.MinSizeRel|x64.Build.0 = MinSizeRel|x64
		{C8CCC2FE-292A-3B1B-8CB7-C25087679513}.Release|Any CPU.ActiveCfg = Release|x64
		{C8CCC2FE-292A-3B1B-8CB7-C25087679513}.Release|iPhone.ActiveCfg = Release|x64
		{C8CCC2FE-292A-3B1B-8CB7-C25087679513}.Release|iPhoneSimulator.ActiveCfg = Release|x64
		{C8CCC2FE-292A-3B1B-8CB7-C25087679513}.Release|x64.ActiveCfg = Release|x64
		{C8CCC2FE-292A-3B1B-8CB7-C25087679513}.Release|x64.Build.0 = Release|x64
		{C8CCC2FE-292A-3B1B-8CB7-C25087679513}.RelWithDebInfo|Any CPU.ActiveCfg = RelWithDebInfo|x64
		{C8CCC2FE-292A-3B1B-8CB7-C25087679513}.RelWithDebInfo|iPhone.ActiveCfg = RelWithDebInfo|x64
		{C8CCC2FE-292A-3B1B-8CB7-C25087679513}.RelWithDebInfo|iPhoneSimulator.ActiveCfg = RelWithDebInfo|x64
		{C8CCC2FE-292A-3B1B-8CB7-C25087679513}.RelWithDebInfo|x64.ActiveCfg = RelWithDebInfo|x64
		{C8CCC2FE-292A-3B1B-8CB7-C25087679513}.RelWithDebInfo|x64.Build.0 = RelWithDebInfo|x64
		{5FA920C7-EA7E-4FDA-860B-81BD19613DB6}.Debug|Any CPU.ActiveCfg = Debug|Any CPU
		{5FA920C7-EA7E-4FDA-860B-81BD19613DB6}.Debug|Any CPU.Build.0 = Debug|Any CPU
		{5FA920C7-EA7E-4FDA-860B-81BD19613DB6}.Debug|iPhone.ActiveCfg = Debug|Any CPU
		{5FA920C7-EA7E-4FDA-860B-81BD19613DB6}.Debug|iPhone.Build.0 = Debug|Any CPU
		{5FA920C7-EA7E-4FDA-860B-81BD19613DB6}.Debug|iPhoneSimulator.ActiveCfg = Debug|Any CPU
		{5FA920C7-EA7E-4FDA-860B-81BD19613DB6}.Debug|iPhoneSimulator.Build.0 = Debug|Any CPU
		{5FA920C7-EA7E-4FDA-860B-81BD19613DB6}.Debug|x64.ActiveCfg = Debug|Any CPU
		{5FA920C7-EA7E-4FDA-860B-81BD19613DB6}.Debug|x64.Build.0 = Debug|Any CPU
		{5FA920C7-EA7E-4FDA-860B-81BD19613DB6}.MinSizeRel|Any CPU.ActiveCfg = Release|Any CPU
		{5FA920C7-EA7E-4FDA-860B-81BD19613DB6}.MinSizeRel|Any CPU.Build.0 = Release|Any CPU
		{5FA920C7-EA7E-4FDA-860B-81BD19613DB6}.MinSizeRel|iPhone.ActiveCfg = Release|Any CPU
		{5FA920C7-EA7E-4FDA-860B-81BD19613DB6}.MinSizeRel|iPhone.Build.0 = Release|Any CPU
		{5FA920C7-EA7E-4FDA-860B-81BD19613DB6}.MinSizeRel|iPhoneSimulator.ActiveCfg = Release|Any CPU
		{5FA920C7-EA7E-4FDA-860B-81BD19613DB6}.MinSizeRel|iPhoneSimulator.Build.0 = Release|Any CPU
		{5FA920C7-EA7E-4FDA-860B-81BD19613DB6}.MinSizeRel|x64.ActiveCfg = Release|Any CPU
		{5FA920C7-EA7E-4FDA-860B-81BD19613DB6}.MinSizeRel|x64.Build.0 = Release|Any CPU
		{5FA920C7-EA7E-4FDA-860B-81BD19613DB6}.Release|Any CPU.ActiveCfg = Release|Any CPU
		{5FA920C7-EA7E-4FDA-860B-81BD19613DB6}.Release|Any CPU.Build.0 = Release|Any CPU
		{5FA920C7-EA7E-4FDA-860B-81BD19613DB6}.Release|iPhone.ActiveCfg = Release|Any CPU
		{5FA920C7-EA7E-4FDA-860B-81BD19613DB6}.Release|iPhone.Build.0 = Release|Any CPU
		{5FA920C7-EA7E-4FDA-860B-81BD19613DB6}.Release|iPhoneSimulator.ActiveCfg = Release|Any CPU
		{5FA920C7-EA7E-4FDA-860B-81BD19613DB6}.Release|iPhoneSimulator.Build.0 = Release|Any CPU
		{5FA920C7-EA7E-4FDA-860B-81BD19613DB6}.Release|x64.ActiveCfg = Release|Any CPU
		{5FA920C7-EA7E-4FDA-860B-81BD19613DB6}.Release|x64.Build.0 = Release|Any CPU
		{5FA920C7-EA7E-4FDA-860B-81BD19613DB6}.RelWithDebInfo|Any CPU.ActiveCfg = Release|Any CPU
		{5FA920C7-EA7E-4FDA-860B-81BD19613DB6}.RelWithDebInfo|Any CPU.Build.0 = Release|Any CPU
		{5FA920C7-EA7E-4FDA-860B-81BD19613DB6}.RelWithDebInfo|iPhone.ActiveCfg = Release|Any CPU
		{5FA920C7-EA7E-4FDA-860B-81BD19613DB6}.RelWithDebInfo|iPhone.Build.0 = Release|Any CPU
		{5FA920C7-EA7E-4FDA-860B-81BD19613DB6}.RelWithDebInfo|iPhoneSimulator.ActiveCfg = Release|Any CPU
		{5FA920C7-EA7E-4FDA-860B-81BD19613DB6}.RelWithDebInfo|iPhoneSimulator.Build.0 = Release|Any CPU
		{5FA920C7-EA7E-4FDA-860B-81BD19613DB6}.RelWithDebInfo|x64.ActiveCfg = Release|Any CPU
		{5FA920C7-EA7E-4FDA-860B-81BD19613DB6}.RelWithDebInfo|x64.Build.0 = Release|Any CPU
		{7059EDC1-60B1-4EF6-87A2-CEF95B967DBB}.Debug|Any CPU.ActiveCfg = Debug|Any CPU
		{7059EDC1-60B1-4EF6-87A2-CEF95B967DBB}.Debug|Any CPU.Build.0 = Debug|Any CPU
		{7059EDC1-60B1-4EF6-87A2-CEF95B967DBB}.Debug|iPhone.ActiveCfg = Debug|Any CPU
		{7059EDC1-60B1-4EF6-87A2-CEF95B967DBB}.Debug|iPhone.Build.0 = Debug|Any CPU
		{7059EDC1-60B1-4EF6-87A2-CEF95B967DBB}.Debug|iPhoneSimulator.ActiveCfg = Debug|Any CPU
		{7059EDC1-60B1-4EF6-87A2-CEF95B967DBB}.Debug|iPhoneSimulator.Build.0 = Debug|Any CPU
		{7059EDC1-60B1-4EF6-87A2-CEF95B967DBB}.Debug|x64.ActiveCfg = Debug|Any CPU
		{7059EDC1-60B1-4EF6-87A2-CEF95B967DBB}.Debug|x64.Build.0 = Debug|Any CPU
		{7059EDC1-60B1-4EF6-87A2-CEF95B967DBB}.MinSizeRel|Any CPU.ActiveCfg = Release|Any CPU
		{7059EDC1-60B1-4EF6-87A2-CEF95B967DBB}.MinSizeRel|Any CPU.Build.0 = Release|Any CPU
		{7059EDC1-60B1-4EF6-87A2-CEF95B967DBB}.MinSizeRel|iPhone.ActiveCfg = Release|Any CPU
		{7059EDC1-60B1-4EF6-87A2-CEF95B967DBB}.MinSizeRel|iPhone.Build.0 = Release|Any CPU
		{7059EDC1-60B1-4EF6-87A2-CEF95B967DBB}.MinSizeRel|iPhoneSimulator.ActiveCfg = Release|Any CPU
		{7059EDC1-60B1-4EF6-87A2-CEF95B967DBB}.MinSizeRel|iPhoneSimulator.Build.0 = Release|Any CPU
		{7059EDC1-60B1-4EF6-87A2-CEF95B967DBB}.MinSizeRel|x64.ActiveCfg = Release|Any CPU
		{7059EDC1-60B1-4EF6-87A2-CEF95B967DBB}.MinSizeRel|x64.Build.0 = Release|Any CPU
		{7059EDC1-60B1-4EF6-87A2-CEF95B967DBB}.Release|Any CPU.ActiveCfg = Release|Any CPU
		{7059EDC1-60B1-4EF6-87A2-CEF95B967DBB}.Release|Any CPU.Build.0 = Release|Any CPU
		{7059EDC1-60B1-4EF6-87A2-CEF95B967DBB}.Release|iPhone.ActiveCfg = Release|Any CPU
		{7059EDC1-60B1-4EF6-87A2-CEF95B967DBB}.Release|iPhone.Build.0 = Release|Any CPU
		{7059EDC1-60B1-4EF6-87A2-CEF95B967DBB}.Release|iPhoneSimulator.ActiveCfg = Release|Any CPU
		{7059EDC1-60B1-4EF6-87A2-CEF95B967DBB}.Release|iPhoneSimulator.Build.0 = Release|Any CPU
		{7059EDC1-60B1-4EF6-87A2-CEF95B967DBB}.Release|x64.ActiveCfg = Release|Any CPU
		{7059EDC1-60B1-4EF6-87A2-CEF95B967DBB}.Release|x64.Build.0 = Release|Any CPU
		{7059EDC1-60B1-4EF6-87A2-CEF95B967DBB}.RelWithDebInfo|Any CPU.ActiveCfg = Release|Any CPU
		{7059EDC1-60B1-4EF6-87A2-CEF95B967DBB}.RelWithDebInfo|Any CPU.Build.0 = Release|Any CPU
		{7059EDC1-60B1-4EF6-87A2-CEF95B967DBB}.RelWithDebInfo|iPhone.ActiveCfg = Release|Any CPU
		{7059EDC1-60B1-4EF6-87A2-CEF95B967DBB}.RelWithDebInfo|iPhone.Build.0 = Release|Any CPU
		{7059EDC1-60B1-4EF6-87A2-CEF95B967DBB}.RelWithDebInfo|iPhoneSimulator.ActiveCfg = Release|Any CPU
		{7059EDC1-60B1-4EF6-87A2-CEF95B967DBB}.RelWithDebInfo|iPhoneSimulator.Build.0 = Release|Any CPU
		{7059EDC1-60B1-4EF6-87A2-CEF95B967DBB}.RelWithDebInfo|x64.ActiveCfg = Release|Any CPU
		{7059EDC1-60B1-4EF6-87A2-CEF95B967DBB}.RelWithDebInfo|x64.Build.0 = Release|Any CPU
		{D53EC302-8E28-4D61-9C6C-B01772F863E3}.Debug|Any CPU.ActiveCfg = Debug|Any CPU
		{D53EC302-8E28-4D61-9C6C-B01772F863E3}.Debug|Any CPU.Build.0 = Debug|Any CPU
		{D53EC302-8E28-4D61-9C6C-B01772F863E3}.Debug|iPhone.ActiveCfg = Debug|Any CPU
		{D53EC302-8E28-4D61-9C6C-B01772F863E3}.Debug|iPhone.Build.0 = Debug|Any CPU
		{D53EC302-8E28-4D61-9C6C-B01772F863E3}.Debug|iPhoneSimulator.ActiveCfg = Debug|Any CPU
		{D53EC302-8E28-4D61-9C6C-B01772F863E3}.Debug|iPhoneSimulator.Build.0 = Debug|Any CPU
		{D53EC302-8E28-4D61-9C6C-B01772F863E3}.Debug|x64.ActiveCfg = Debug|Any CPU
		{D53EC302-8E28-4D61-9C6C-B01772F863E3}.Debug|x64.Build.0 = Debug|Any CPU
		{D53EC302-8E28-4D61-9C6C-B01772F863E3}.MinSizeRel|Any CPU.ActiveCfg = Release|Any CPU
		{D53EC302-8E28-4D61-9C6C-B01772F863E3}.MinSizeRel|Any CPU.Build.0 = Release|Any CPU
		{D53EC302-8E28-4D61-9C6C-B01772F863E3}.MinSizeRel|iPhone.ActiveCfg = Release|Any CPU
		{D53EC302-8E28-4D61-9C6C-B01772F863E3}.MinSizeRel|iPhone.Build.0 = Release|Any CPU
		{D53EC302-8E28-4D61-9C6C-B01772F863E3}.MinSizeRel|iPhoneSimulator.ActiveCfg = Release|Any CPU
		{D53EC302-8E28-4D61-9C6C-B01772F863E3}.MinSizeRel|iPhoneSimulator.Build.0 = Release|Any CPU
		{D53EC302-8E28-4D61-9C6C-B01772F863E3}.MinSizeRel|x64.ActiveCfg = Release|Any CPU
		{D53EC302-8E28-4D61-9C6C-B01772F863E3}.MinSizeRel|x64.Build.0 = Release|Any CPU
		{D53EC302-8E28-4D61-9C6C-B01772F863E3}.Release|Any CPU.ActiveCfg = Release|Any CPU
		{D53EC302-8E28-4D61-9C6C-B01772F863E3}.Release|Any CPU.Build.0 = Release|Any CPU
		{D53EC302-8E28-4D61-9C6C-B01772F863E3}.Release|iPhone.ActiveCfg = Release|Any CPU
		{D53EC302-8E28-4D61-9C6C-B01772F863E3}.Release|iPhone.Build.0 = Release|Any CPU
		{D53EC302-8E28-4D61-9C6C-B01772F863E3}.Release|iPhoneSimulator.ActiveCfg = Release|Any CPU
		{D53EC302-8E28-4D61-9C6C-B01772F863E3}.Release|iPhoneSimulator.Build.0 = Release|Any CPU
		{D53EC302-8E28-4D61-9C6C-B01772F863E3}.Release|x64.ActiveCfg = Release|Any CPU
		{D53EC302-8E28-4D61-9C6C-B01772F863E3}.Release|x64.Build.0 = Release|Any CPU
		{D53EC302-8E28-4D61-9C6C-B01772F863E3}.RelWithDebInfo|Any CPU.ActiveCfg = Release|Any CPU
		{D53EC302-8E28-4D61-9C6C-B01772F863E3}.RelWithDebInfo|Any CPU.Build.0 = Release|Any CPU
		{D53EC302-8E28-4D61-9C6C-B01772F863E3}.RelWithDebInfo|iPhone.ActiveCfg = Release|Any CPU
		{D53EC302-8E28-4D61-9C6C-B01772F863E3}.RelWithDebInfo|iPhone.Build.0 = Release|Any CPU
		{D53EC302-8E28-4D61-9C6C-B01772F863E3}.RelWithDebInfo|iPhoneSimulator.ActiveCfg = Release|Any CPU
		{D53EC302-8E28-4D61-9C6C-B01772F863E3}.RelWithDebInfo|iPhoneSimulator.Build.0 = Release|Any CPU
		{D53EC302-8E28-4D61-9C6C-B01772F863E3}.RelWithDebInfo|x64.ActiveCfg = Release|Any CPU
		{D53EC302-8E28-4D61-9C6C-B01772F863E3}.RelWithDebInfo|x64.Build.0 = Release|Any CPU
		{6870BD0A-8ECA-4989-B5CA-239A7FB4BF24}.Debug|Any CPU.ActiveCfg = Debug|Any CPU
		{6870BD0A-8ECA-4989-B5CA-239A7FB4BF24}.Debug|Any CPU.Build.0 = Debug|Any CPU
		{6870BD0A-8ECA-4989-B5CA-239A7FB4BF24}.Debug|Any CPU.Deploy.0 = Debug|Any CPU
		{6870BD0A-8ECA-4989-B5CA-239A7FB4BF24}.Debug|iPhone.ActiveCfg = Debug|Any CPU
		{6870BD0A-8ECA-4989-B5CA-239A7FB4BF24}.Debug|iPhone.Build.0 = Debug|Any CPU
		{6870BD0A-8ECA-4989-B5CA-239A7FB4BF24}.Debug|iPhone.Deploy.0 = Debug|Any CPU
		{6870BD0A-8ECA-4989-B5CA-239A7FB4BF24}.Debug|iPhoneSimulator.ActiveCfg = Debug|Any CPU
		{6870BD0A-8ECA-4989-B5CA-239A7FB4BF24}.Debug|iPhoneSimulator.Build.0 = Debug|Any CPU
		{6870BD0A-8ECA-4989-B5CA-239A7FB4BF24}.Debug|iPhoneSimulator.Deploy.0 = Debug|Any CPU
		{6870BD0A-8ECA-4989-B5CA-239A7FB4BF24}.Debug|x64.ActiveCfg = Debug|Any CPU
		{6870BD0A-8ECA-4989-B5CA-239A7FB4BF24}.Debug|x64.Build.0 = Debug|Any CPU
		{6870BD0A-8ECA-4989-B5CA-239A7FB4BF24}.Debug|x64.Deploy.0 = Debug|Any CPU
		{6870BD0A-8ECA-4989-B5CA-239A7FB4BF24}.MinSizeRel|Any CPU.ActiveCfg = Release|Any CPU
		{6870BD0A-8ECA-4989-B5CA-239A7FB4BF24}.MinSizeRel|Any CPU.Build.0 = Release|Any CPU
		{6870BD0A-8ECA-4989-B5CA-239A7FB4BF24}.MinSizeRel|Any CPU.Deploy.0 = Release|Any CPU
		{6870BD0A-8ECA-4989-B5CA-239A7FB4BF24}.MinSizeRel|iPhone.ActiveCfg = Release|Any CPU
		{6870BD0A-8ECA-4989-B5CA-239A7FB4BF24}.MinSizeRel|iPhone.Build.0 = Release|Any CPU
		{6870BD0A-8ECA-4989-B5CA-239A7FB4BF24}.MinSizeRel|iPhone.Deploy.0 = Release|Any CPU
		{6870BD0A-8ECA-4989-B5CA-239A7FB4BF24}.MinSizeRel|iPhoneSimulator.ActiveCfg = Release|Any CPU
		{6870BD0A-8ECA-4989-B5CA-239A7FB4BF24}.MinSizeRel|iPhoneSimulator.Build.0 = Release|Any CPU
		{6870BD0A-8ECA-4989-B5CA-239A7FB4BF24}.MinSizeRel|iPhoneSimulator.Deploy.0 = Release|Any CPU
		{6870BD0A-8ECA-4989-B5CA-239A7FB4BF24}.MinSizeRel|x64.ActiveCfg = Release|Any CPU
		{6870BD0A-8ECA-4989-B5CA-239A7FB4BF24}.MinSizeRel|x64.Build.0 = Release|Any CPU
		{6870BD0A-8ECA-4989-B5CA-239A7FB4BF24}.MinSizeRel|x64.Deploy.0 = Release|Any CPU
		{6870BD0A-8ECA-4989-B5CA-239A7FB4BF24}.Release|Any CPU.ActiveCfg = Release|Any CPU
		{6870BD0A-8ECA-4989-B5CA-239A7FB4BF24}.Release|Any CPU.Build.0 = Release|Any CPU
		{6870BD0A-8ECA-4989-B5CA-239A7FB4BF24}.Release|Any CPU.Deploy.0 = Release|Any CPU
		{6870BD0A-8ECA-4989-B5CA-239A7FB4BF24}.Release|iPhone.ActiveCfg = Release|Any CPU
		{6870BD0A-8ECA-4989-B5CA-239A7FB4BF24}.Release|iPhone.Build.0 = Release|Any CPU
		{6870BD0A-8ECA-4989-B5CA-239A7FB4BF24}.Release|iPhone.Deploy.0 = Release|Any CPU
		{6870BD0A-8ECA-4989-B5CA-239A7FB4BF24}.Release|iPhoneSimulator.ActiveCfg = Release|Any CPU
		{6870BD0A-8ECA-4989-B5CA-239A7FB4BF24}.Release|iPhoneSimulator.Build.0 = Release|Any CPU
		{6870BD0A-8ECA-4989-B5CA-239A7FB4BF24}.Release|iPhoneSimulator.Deploy.0 = Release|Any CPU
		{6870BD0A-8ECA-4989-B5CA-239A7FB4BF24}.Release|x64.ActiveCfg = Release|Any CPU
		{6870BD0A-8ECA-4989-B5CA-239A7FB4BF24}.Release|x64.Build.0 = Release|Any CPU
		{6870BD0A-8ECA-4989-B5CA-239A7FB4BF24}.Release|x64.Deploy.0 = Release|Any CPU
		{6870BD0A-8ECA-4989-B5CA-239A7FB4BF24}.RelWithDebInfo|Any CPU.ActiveCfg = Release|Any CPU
		{6870BD0A-8ECA-4989-B5CA-239A7FB4BF24}.RelWithDebInfo|Any CPU.Build.0 = Release|Any CPU
		{6870BD0A-8ECA-4989-B5CA-239A7FB4BF24}.RelWithDebInfo|Any CPU.Deploy.0 = Release|Any CPU
		{6870BD0A-8ECA-4989-B5CA-239A7FB4BF24}.RelWithDebInfo|iPhone.ActiveCfg = Release|Any CPU
		{6870BD0A-8ECA-4989-B5CA-239A7FB4BF24}.RelWithDebInfo|iPhone.Build.0 = Release|Any CPU
		{6870BD0A-8ECA-4989-B5CA-239A7FB4BF24}.RelWithDebInfo|iPhone.Deploy.0 = Release|Any CPU
		{6870BD0A-8ECA-4989-B5CA-239A7FB4BF24}.RelWithDebInfo|iPhoneSimulator.ActiveCfg = Release|Any CPU
		{6870BD0A-8ECA-4989-B5CA-239A7FB4BF24}.RelWithDebInfo|iPhoneSimulator.Build.0 = Release|Any CPU
		{6870BD0A-8ECA-4989-B5CA-239A7FB4BF24}.RelWithDebInfo|iPhoneSimulator.Deploy.0 = Release|Any CPU
		{6870BD0A-8ECA-4989-B5CA-239A7FB4BF24}.RelWithDebInfo|x64.ActiveCfg = Release|Any CPU
		{6870BD0A-8ECA-4989-B5CA-239A7FB4BF24}.RelWithDebInfo|x64.Build.0 = Release|Any CPU
		{6870BD0A-8ECA-4989-B5CA-239A7FB4BF24}.RelWithDebInfo|x64.Deploy.0 = Release|Any CPU
	EndGlobalSection
	GlobalSection(SolutionProperties) = preSolution
		HideSolutionNode = FALSE
	EndGlobalSection
	GlobalSection(NestedProjects) = preSolution
		{24B7B3C4-958A-4559-BF5E-3E7FE6604EC9} = {88F15A63-FDCE-45CB-B838-09A84FD69CF8}
		{196C67E9-3E9E-4D57-B977-11BF00073FC9} = {88F15A63-FDCE-45CB-B838-09A84FD69CF8}
		{A64092D3-BF77-4531-88C0-2C2316D0B44F} = {A3883F01-F5CB-4B5D-849C-839747B8930B}
		{581141F6-5522-4B66-8404-4C376F42FB5C} = {E6BEDD0C-8DC3-41F4-8FE9-B5E424D26363}
		{BA247A5F-A935-47F7-BEFF-3619512B64F4} = {E6BEDD0C-8DC3-41F4-8FE9-B5E424D26363}
		{C4E356A9-C221-47E1-B566-458D9C6ACB18} = {E6BEDD0C-8DC3-41F4-8FE9-B5E424D26363}
		{B2890F22-29C4-410B-9F39-40BEC6818E33} = {88F15A63-FDCE-45CB-B838-09A84FD69CF8}
		{A3883F01-F5CB-4B5D-849C-839747B8930B} = {E6BEDD0C-8DC3-41F4-8FE9-B5E424D26363}
		{687E10B9-7758-4E8C-B6A3-9000C5502C29} = {E6BEDD0C-8DC3-41F4-8FE9-B5E424D26363}
		{D001D779-2893-3314-8C71-BF41FB391D1F} = {687E10B9-7758-4E8C-B6A3-9000C5502C29}
		{5964A537-BD1F-3AAF-8CE8-E5C942FF8E54} = {687E10B9-7758-4E8C-B6A3-9000C5502C29}
		{C8CCC2FE-292A-3B1B-8CB7-C25087679513} = {687E10B9-7758-4E8C-B6A3-9000C5502C29}
		{5FA920C7-EA7E-4FDA-860B-81BD19613DB6} = {E6BEDD0C-8DC3-41F4-8FE9-B5E424D26363}
		{7059EDC1-60B1-4EF6-87A2-CEF95B967DBB} = {E6BEDD0C-8DC3-41F4-8FE9-B5E424D26363}
		{D53EC302-8E28-4D61-9C6C-B01772F863E3} = {88F15A63-FDCE-45CB-B838-09A84FD69CF8}
		{6870BD0A-8ECA-4989-B5CA-239A7FB4BF24} = {88F15A63-FDCE-45CB-B838-09A84FD69CF8}
	EndGlobalSection
	GlobalSection(ExtensibilityGlobals) = postSolution
		SolutionGuid = {0409AB77-4C94-47BD-BA7B-D574C2C618B9}
	EndGlobalSection
EndGlobal
