{
  "name": "microsoft.aspnetcore.components.web.js",
  "version": "0.0.1",
  "lockfileVersion": 1,
  "requires": true,
  "dependencies": {
    "yarn": {
      "version": "1.22.1",
      "resolved": "https://registry.npmjs.org/yarn/-/yarn-1.22.1.tgz",
      "integrity": "sha512-hL7Fd2Psv4fOiE/JjVULDg+LckG0Ql7IPUh5wWC/4UEr6W+eF+VVEWfRu6Q7qbOnqk7+qY7CXYSSLBfJIyElXA=="
    }
  }
}
